// !$*UTF8*$!
{
	archiveVersion = 1;
	classes = {
	};
	objectVersion = 46;
	objects = {

/* Begin PBXBuildFile section */
		6D2FFBC41DCE13BF007D1BF5 /* AppDelegate.m in Sources */ = {isa = PBXBuildFile; fileRef = 6D2FFBB01DCE13BF007D1BF5 /* AppDelegate.m */; };
		6D2FFBC51DCE13BF007D1BF5 /* FSBGirlCollectionVC.m in Sources */ = {isa = PBXBuildFile; fileRef = 6D2FFBB21DCE13BF007D1BF5 /* FSBGirlCollectionVC.m */; };
		6D2FFBC61DCE13BF007D1BF5 /* FSBGirlDetailVC.m in Sources */ = {isa = PBXBuildFile; fileRef = 6D2FFBB41DCE13BF007D1BF5 /* FSBGirlDetailVC.m */; };
		6D2FFBC81DCE13BF007D1BF5 /* FSBSetingViewController.m in Sources */ = {isa = PBXBuildFile; fileRef = 6D2FFBB71DCE13BF007D1BF5 /* FSBSetingViewController.m */; };
		6D2FFBC91DCE13BF007D1BF5 /* RootViewController.m in Sources */ = {isa = PBXBuildFile; fileRef = 6D2FFBBA1DCE13BF007D1BF5 /* RootViewController.m */; };
		6D2FFBD51DCE15CB007D1BF5 /* libBaiduMobStat.a in Frameworks */ = {isa = PBXBuildFile; fileRef = 6D2FFBD41DCE15CB007D1BF5 /* libBaiduMobStat.a */; };
		6D2FFBD81DCE1601007D1BF5 /* JavaScriptCore.framework in Frameworks */ = {isa = PBXBuildFile; fileRef = 6D2FFBD71DCE1601007D1BF5 /* JavaScriptCore.framework */; };
		6D2FFBDA1DCE1610007D1BF5 /* Foundation.framework in Frameworks */ = {isa = PBXBuildFile; fileRef = 6D2FFBD91DCE1610007D1BF5 /* Foundation.framework */; };
		6D2FFBDC1DCE1614007D1BF5 /* UIKit.framework in Frameworks */ = {isa = PBXBuildFile; fileRef = 6D2FFBDB1DCE1614007D1BF5 /* UIKit.framework */; };
		6D2FFBDE1DCE1620007D1BF5 /* CoreGraphics.framework in Frameworks */ = {isa = PBXBuildFile; fileRef = 6D2FFBDD1DCE1620007D1BF5 /* CoreGraphics.framework */; };
		6D2FFBE01DCE162B007D1BF5 /* CoreTelephony.framework in Frameworks */ = {isa = PBXBuildFile; fileRef = 6D2FFBDF1DCE162B007D1BF5 /* CoreTelephony.framework */; };
		6D2FFBE21DCE1633007D1BF5 /* SystemConfiguration.framework in Frameworks */ = {isa = PBXBuildFile; fileRef = 6D2FFBE11DCE1633007D1BF5 /* SystemConfiguration.framework */; };
		6D2FFBE41DCE163E007D1BF5 /* CoreLocation.framework in Frameworks */ = {isa = PBXBuildFile; fileRef = 6D2FFBE31DCE163E007D1BF5 /* CoreLocation.framework */; };
		6D2FFBE61DCE164E007D1BF5 /* Security.framework in Frameworks */ = {isa = PBXBuildFile; fileRef = 6D2FFBE51DCE164E007D1BF5 /* Security.framework */; };
		6D2FFBE81DCE1657007D1BF5 /* libz.1.2.5.tbd in Frameworks */ = {isa = PBXBuildFile; fileRef = 6D2FFBE71DCE1657007D1BF5 /* libz.1.2.5.tbd */; };
		6D2FFBEA1DCE166C007D1BF5 /* libc++.tbd in Frameworks */ = {isa = PBXBuildFile; fileRef = 6D2FFBE91DCE166C007D1BF5 /* libc++.tbd */; };
		6D2FFBEC1DCE1681007D1BF5 /* FSBAboutViewController.swift in Sources */ = {isa = PBXBuildFile; fileRef = 6D2FFBEB1DCE1681007D1BF5 /* FSBAboutViewController.swift */; };
		6D2FFC221DCE18B8007D1BF5 /* BIcom406.png in Resources */ = {isa = PBXBuildFile; fileRef = 6D2FFC111DCE18B8007D1BF5 /* BIcom406.png */; };
		6D2FFC231DCE18B8007D1BF5 /* fullBtn@2x.png in Resources */ = {isa = PBXBuildFile; fileRef = 6D2FFC121DCE18B8007D1BF5 /* fullBtn@2x.png */; };
		6D2FFC241DCE18B8007D1BF5 /* fullBtn@3x.png in Resources */ = {isa = PBXBuildFile; fileRef = 6D2FFC131DCE18B8007D1BF5 /* fullBtn@3x.png */; };
		6D2FFC251DCE18B8007D1BF5 /* goBack@2x.png in Resources */ = {isa = PBXBuildFile; fileRef = 6D2FFC141DCE18B8007D1BF5 /* goBack@2x.png */; };
		6D2FFC261DCE18B8007D1BF5 /* goBack@3x.png in Resources */ = {isa = PBXBuildFile; fileRef = 6D2FFC151DCE18B8007D1BF5 /* goBack@3x.png */; };
		6D2FFC271DCE18B8007D1BF5 /* goForward@2x.png in Resources */ = {isa = PBXBuildFile; fileRef = 6D2FFC161DCE18B8007D1BF5 /* goForward@2x.png */; };
		6D2FFC281DCE18B8007D1BF5 /* goForward@3x.png in Resources */ = {isa = PBXBuildFile; fileRef = 6D2FFC171DCE18B8007D1BF5 /* goForward@3x.png */; };
		6D2FFC291DCE18B8007D1BF5 /* home@2x.png in Resources */ = {isa = PBXBuildFile; fileRef = 6D2FFC181DCE18B8007D1BF5 /* home@2x.png */; };
		6D2FFC2A1DCE18B8007D1BF5 /* home@3x.png in Resources */ = {isa = PBXBuildFile; fileRef = 6D2FFC191DCE18B8007D1BF5 /* home@3x.png */; };
		6D2FFC2B1DCE18B8007D1BF5 /* reloading@2x.png in Resources */ = {isa = PBXBuildFile; fileRef = 6D2FFC1A1DCE18B8007D1BF5 /* reloading@2x.png */; };
		6D2FFC2C1DCE18B8007D1BF5 /* reloading@3x.png in Resources */ = {isa = PBXBuildFile; fileRef = 6D2FFC1B1DCE18B8007D1BF5 /* reloading@3x.png */; };
		6D2FFC2D1DCE18B8007D1BF5 /* search@2x.png in Resources */ = {isa = PBXBuildFile; fileRef = 6D2FFC1C1DCE18B8007D1BF5 /* search@2x.png */; };
		6D2FFC2E1DCE18B8007D1BF5 /* search@3x.png in Resources */ = {isa = PBXBuildFile; fileRef = 6D2FFC1D1DCE18B8007D1BF5 /* search@3x.png */; };
		6D2FFC2F1DCE18B8007D1BF5 /* setting@2x.png in Resources */ = {isa = PBXBuildFile; fileRef = 6D2FFC1E1DCE18B8007D1BF5 /* setting@2x.png */; };
		6D2FFC301DCE18B8007D1BF5 /* setting@3x.png in Resources */ = {isa = PBXBuildFile; fileRef = 6D2FFC1F1DCE18B8007D1BF5 /* setting@3x.png */; };
		6D2FFC311DCE18B8007D1BF5 /* stopLoading@2x.png in Resources */ = {isa = PBXBuildFile; fileRef = 6D2FFC201DCE18B8007D1BF5 /* stopLoading@2x.png */; };
		6D2FFC321DCE18B8007D1BF5 /* stopLoading@3x.png in Resources */ = {isa = PBXBuildFile; fileRef = 6D2FFC211DCE18B8007D1BF5 /* stopLoading@3x.png */; };
		6D661F661DCE2C87005F39D7 /* FSBCollectionViewCell.swift in Sources */ = {isa = PBXBuildFile; fileRef = 6D661F641DCE2C87005F39D7 /* FSBCollectionViewCell.swift */; };
		6D661F671DCE2C87005F39D7 /* FSBCollectionViewCell.xib in Resources */ = {isa = PBXBuildFile; fileRef = 6D661F651DCE2C87005F39D7 /* FSBCollectionViewCell.xib */; };
		6DE0003E1A3474F200F9D2A5 /* main.m in Sources */ = {isa = PBXBuildFile; fileRef = 6DE0003D1A3474F200F9D2A5 /* main.m */; };
		6DE000471A3474F200F9D2A5 /* Main.storyboard in Resources */ = {isa = PBXBuildFile; fileRef = 6DE000451A3474F200F9D2A5 /* Main.storyboard */; };
		6DE000491A3474F200F9D2A5 /* Images.xcassets in Resources */ = {isa = PBXBuildFile; fileRef = 6DE000481A3474F200F9D2A5 /* Images.xcassets */; };
		6DE0004C1A3474F200F9D2A5 /* LaunchScreen.xib in Resources */ = {isa = PBXBuildFile; fileRef = 6DE0004A1A3474F200F9D2A5 /* LaunchScreen.xib */; };
/* End PBXBuildFile section */

/* Begin PBXContainerItemProxy section */
		6DE000521A3474F200F9D2A5 /* PBXContainerItemProxy */ = {
			isa = PBXContainerItemProxy;
			containerPortal = 6DE000301A3474F200F9D2A5 /* Project object */;
			proxyType = 1;
			remoteGlobalIDString = 6DE000371A3474F200F9D2A5;
			remoteInfo = fullScreenBrowser;
		};
/* End PBXContainerItemProxy section */

/* Begin PBXFileReference section */
		6D2FFBAF1DCE13BF007D1BF5 /* AppDelegate.h */ = {isa = PBXFileReference; fileEncoding = 4; lastKnownFileType = sourcecode.c.h; path = AppDelegate.h; sourceTree = "<group>"; };
		6D2FFBB01DCE13BF007D1BF5 /* AppDelegate.m */ = {isa = PBXFileReference; fileEncoding = 4; lastKnownFileType = sourcecode.c.objc; path = AppDelegate.m; sourceTree = "<group>"; };
		6D2FFBB11DCE13BF007D1BF5 /* FSBGirlCollectionVC.h */ = {isa = PBXFileReference; fileEncoding = 4; lastKnownFileType = sourcecode.c.h; path = FSBGirlCollectionVC.h; sourceTree = "<group>"; };
		6D2FFBB21DCE13BF007D1BF5 /* FSBGirlCollectionVC.m */ = {isa = PBXFileReference; fileEncoding = 4; lastKnownFileType = sourcecode.c.objc; path = FSBGirlCollectionVC.m; sourceTree = "<group>"; };
		6D2FFBB31DCE13BF007D1BF5 /* FSBGirlDetailVC.h */ = {isa = PBXFileReference; fileEncoding = 4; lastKnownFileType = sourcecode.c.h; path = FSBGirlDetailVC.h; sourceTree = "<group>"; };
		6D2FFBB41DCE13BF007D1BF5 /* FSBGirlDetailVC.m */ = {isa = PBXFileReference; fileEncoding = 4; lastKnownFileType = sourcecode.c.objc; path = FSBGirlDetailVC.m; sourceTree = "<group>"; };
		6D2FFBB61DCE13BF007D1BF5 /* FSBSetingViewController.h */ = {isa = PBXFileReference; fileEncoding = 4; lastKnownFileType = sourcecode.c.h; path = FSBSetingViewController.h; sourceTree = "<group>"; };
		6D2FFBB71DCE13BF007D1BF5 /* FSBSetingViewController.m */ = {isa = PBXFileReference; fileEncoding = 4; lastKnownFileType = sourcecode.c.objc; path = FSBSetingViewController.m; sourceTree = "<group>"; };
		6D2FFBB91DCE13BF007D1BF5 /* RootViewController.h */ = {isa = PBXFileReference; fileEncoding = 4; lastKnownFileType = sourcecode.c.h; path = RootViewController.h; sourceTree = "<group>"; };
		6D2FFBBA1DCE13BF007D1BF5 /* RootViewController.m */ = {isa = PBXFileReference; fileEncoding = 4; lastKnownFileType = sourcecode.c.objc; path = RootViewController.m; sourceTree = "<group>"; };
		6D2FFBCF1DCE1534007D1BF5 /* FullScreenBrowser-Bridging-Header.h */ = {isa = PBXFileReference; lastKnownFileType = sourcecode.c.h; path = "FullScreenBrowser-Bridging-Header.h"; sourceTree = "<group>"; };
		6D2FFBD31DCE15CB007D1BF5 /* BaiduMobStat.h */ = {isa = PBXFileReference; fileEncoding = 4; lastKnownFileType = sourcecode.c.h; path = BaiduMobStat.h; sourceTree = "<group>"; };
		6D2FFBD41DCE15CB007D1BF5 /* libBaiduMobStat.a */ = {isa = PBXFileReference; lastKnownFileType = archive.ar; path = libBaiduMobStat.a; sourceTree = "<group>"; };
		6D2FFBD71DCE1601007D1BF5 /* JavaScriptCore.framework */ = {isa = PBXFileReference; lastKnownFileType = wrapper.framework; name = JavaScriptCore.framework; path = System/Library/Frameworks/JavaScriptCore.framework; sourceTree = SDKROOT; };
		6D2FFBD91DCE1610007D1BF5 /* Foundation.framework */ = {isa = PBXFileReference; lastKnownFileType = wrapper.framework; name = Foundation.framework; path = System/Library/Frameworks/Foundation.framework; sourceTree = SDKROOT; };
		6D2FFBDB1DCE1614007D1BF5 /* UIKit.framework */ = {isa = PBXFileReference; lastKnownFileType = wrapper.framework; name = UIKit.framework; path = System/Library/Frameworks/UIKit.framework; sourceTree = SDKROOT; };
		6D2FFBDD1DCE1620007D1BF5 /* CoreGraphics.framework */ = {isa = PBXFileReference; lastKnownFileType = wrapper.framework; name = CoreGraphics.framework; path = System/Library/Frameworks/CoreGraphics.framework; sourceTree = SDKROOT; };
		6D2FFBDF1DCE162B007D1BF5 /* CoreTelephony.framework */ = {isa = PBXFileReference; lastKnownFileType = wrapper.framework; name = CoreTelephony.framework; path = System/Library/Frameworks/CoreTelephony.framework; sourceTree = SDKROOT; };
		6D2FFBE11DCE1633007D1BF5 /* SystemConfiguration.framework */ = {isa = PBXFileReference; lastKnownFileType = wrapper.framework; name = SystemConfiguration.framework; path = System/Library/Frameworks/SystemConfiguration.framework; sourceTree = SDKROOT; };
		6D2FFBE31DCE163E007D1BF5 /* CoreLocation.framework */ = {isa = PBXFileReference; lastKnownFileType = wrapper.framework; name = CoreLocation.framework; path = System/Library/Frameworks/CoreLocation.framework; sourceTree = SDKROOT; };
		6D2FFBE51DCE164E007D1BF5 /* Security.framework */ = {isa = PBXFileReference; lastKnownFileType = wrapper.framework; name = Security.framework; path = System/Library/Frameworks/Security.framework; sourceTree = SDKROOT; };
		6D2FFBE71DCE1657007D1BF5 /* libz.1.2.5.tbd */ = {isa = PBXFileReference; lastKnownFileType = "sourcecode.text-based-dylib-definition"; name = libz.1.2.5.tbd; path = usr/lib/libz.1.2.5.tbd; sourceTree = SDKROOT; };
		6D2FFBE91DCE166C007D1BF5 /* libc++.tbd */ = {isa = PBXFileReference; lastKnownFileType = "sourcecode.text-based-dylib-definition"; name = "libc++.tbd"; path = "usr/lib/libc++.tbd"; sourceTree = SDKROOT; };
		6D2FFBEB1DCE1681007D1BF5 /* FSBAboutViewController.swift */ = {isa = PBXFileReference; fileEncoding = 4; lastKnownFileType = sourcecode.swift; path = FSBAboutViewController.swift; sourceTree = "<group>"; };
		6D2FFC111DCE18B8007D1BF5 /* BIcom406.png */ = {isa = PBXFileReference; lastKnownFileType = image.png; path = BIcom406.png; sourceTree = "<group>"; };
		6D2FFC121DCE18B8007D1BF5 /* fullBtn@2x.png */ = {isa = PBXFileReference; lastKnownFileType = image.png; path = "fullBtn@2x.png"; sourceTree = "<group>"; };
		6D2FFC131DCE18B8007D1BF5 /* fullBtn@3x.png */ = {isa = PBXFileReference; lastKnownFileType = image.png; path = "fullBtn@3x.png"; sourceTree = "<group>"; };
		6D2FFC141DCE18B8007D1BF5 /* goBack@2x.png */ = {isa = PBXFileReference; lastKnownFileType = image.png; path = "goBack@2x.png"; sourceTree = "<group>"; };
		6D2FFC151DCE18B8007D1BF5 /* goBack@3x.png */ = {isa = PBXFileReference; lastKnownFileType = image.png; path = "goBack@3x.png"; sourceTree = "<group>"; };
		6D2FFC161DCE18B8007D1BF5 /* goForward@2x.png */ = {isa = PBXFileReference; lastKnownFileType = image.png; path = "goForward@2x.png"; sourceTree = "<group>"; };
		6D2FFC171DCE18B8007D1BF5 /* goForward@3x.png */ = {isa = PBXFileReference; lastKnownFileType = image.png; path = "goForward@3x.png"; sourceTree = "<group>"; };
		6D2FFC181DCE18B8007D1BF5 /* home@2x.png */ = {isa = PBXFileReference; lastKnownFileType = image.png; path = "home@2x.png"; sourceTree = "<group>"; };
		6D2FFC191DCE18B8007D1BF5 /* home@3x.png */ = {isa = PBXFileReference; lastKnownFileType = image.png; path = "home@3x.png"; sourceTree = "<group>"; };
		6D2FFC1A1DCE18B8007D1BF5 /* reloading@2x.png */ = {isa = PBXFileReference; lastKnownFileType = image.png; path = "reloading@2x.png"; sourceTree = "<group>"; };
		6D2FFC1B1DCE18B8007D1BF5 /* reloading@3x.png */ = {isa = PBXFileReference; lastKnownFileType = image.png; path = "reloading@3x.png"; sourceTree = "<group>"; };
		6D2FFC1C1DCE18B8007D1BF5 /* search@2x.png */ = {isa = PBXFileReference; lastKnownFileType = image.png; path = "search@2x.png"; sourceTree = "<group>"; };
		6D2FFC1D1DCE18B8007D1BF5 /* search@3x.png */ = {isa = PBXFileReference; lastKnownFileType = image.png; path = "search@3x.png"; sourceTree = "<group>"; };
		6D2FFC1E1DCE18B8007D1BF5 /* setting@2x.png */ = {isa = PBXFileReference; lastKnownFileType = image.png; path = "setting@2x.png"; sourceTree = "<group>"; };
		6D2FFC1F1DCE18B8007D1BF5 /* setting@3x.png */ = {isa = PBXFileReference; lastKnownFileType = image.png; path = "setting@3x.png"; sourceTree = "<group>"; };
		6D2FFC201DCE18B8007D1BF5 /* stopLoading@2x.png */ = {isa = PBXFileReference; lastKnownFileType = image.png; path = "stopLoading@2x.png"; sourceTree = "<group>"; };
		6D2FFC211DCE18B8007D1BF5 /* stopLoading@3x.png */ = {isa = PBXFileReference; lastKnownFileType = image.png; path = "stopLoading@3x.png"; sourceTree = "<group>"; };
		6D661F641DCE2C87005F39D7 /* FSBCollectionViewCell.swift */ = {isa = PBXFileReference; fileEncoding = 4; lastKnownFileType = sourcecode.swift; path = FSBCollectionViewCell.swift; sourceTree = "<group>"; };
		6D661F651DCE2C87005F39D7 /* FSBCollectionViewCell.xib */ = {isa = PBXFileReference; fileEncoding = 4; lastKnownFileType = file.xib; path = FSBCollectionViewCell.xib; sourceTree = "<group>"; };
		6DE000381A3474F200F9D2A5 /* 全屏浏览器.app */ = {isa = PBXFileReference; explicitFileType = wrapper.application; includeInIndex = 0; path = "全屏浏览器.app"; sourceTree = BUILT_PRODUCTS_DIR; };
		6DE0003C1A3474F200F9D2A5 /* Info.plist */ = {isa = PBXFileReference; lastKnownFileType = text.plist.xml; path = Info.plist; sourceTree = "<group>"; };
		6DE0003D1A3474F200F9D2A5 /* main.m */ = {isa = PBXFileReference; lastKnownFileType = sourcecode.c.objc; path = main.m; sourceTree = "<group>"; };
		6DE000461A3474F200F9D2A5 /* Base */ = {isa = PBXFileReference; lastKnownFileType = file.storyboard; name = Base; path = Base.lproj/Main.storyboard; sourceTree = "<group>"; };
		6DE000481A3474F200F9D2A5 /* Images.xcassets */ = {isa = PBXFileReference; lastKnownFileType = folder.assetcatalog; path = Images.xcassets; sourceTree = "<group>"; };
		6DE0004B1A3474F200F9D2A5 /* Base */ = {isa = PBXFileReference; lastKnownFileType = file.xib; name = Base; path = Base.lproj/LaunchScreen.xib; sourceTree = "<group>"; };
		6DE000511A3474F200F9D2A5 /* fullScreenBrowserTests.xctest */ = {isa = PBXFileReference; explicitFileType = wrapper.cfbundle; includeInIndex = 0; path = fullScreenBrowserTests.xctest; sourceTree = BUILT_PRODUCTS_DIR; };
		6DE000611A34756F00F9D2A5 /* zh-Hans */ = {isa = PBXFileReference; lastKnownFileType = text.plist.strings; name = "zh-Hans"; path = "zh-Hans.lproj/Main.strings"; sourceTree = "<group>"; };
		6DE000621A34756F00F9D2A5 /* zh-Hans */ = {isa = PBXFileReference; lastKnownFileType = text.plist.strings; name = "zh-Hans"; path = "zh-Hans.lproj/LaunchScreen.strings"; sourceTree = "<group>"; };
/* End PBXFileReference section */

/* Begin PBXFrameworksBuildPhase section */
		6DE000351A3474F200F9D2A5 /* Frameworks */ = {
			isa = PBXFrameworksBuildPhase;
			buildActionMask = 2147483647;
			files = (
				6D2FFBEA1DCE166C007D1BF5 /* libc++.tbd in Frameworks */,
				6D2FFBE81DCE1657007D1BF5 /* libz.1.2.5.tbd in Frameworks */,
				6D2FFBE61DCE164E007D1BF5 /* Security.framework in Frameworks */,
				6D2FFBE41DCE163E007D1BF5 /* CoreLocation.framework in Frameworks */,
				6D2FFBE21DCE1633007D1BF5 /* SystemConfiguration.framework in Frameworks */,
				6D2FFBE01DCE162B007D1BF5 /* CoreTelephony.framework in Frameworks */,
				6D2FFBDE1DCE1620007D1BF5 /* CoreGraphics.framework in Frameworks */,
				6D2FFBDC1DCE1614007D1BF5 /* UIKit.framework in Frameworks */,
				6D2FFBDA1DCE1610007D1BF5 /* Foundation.framework in Frameworks */,
				6D2FFBD81DCE1601007D1BF5 /* JavaScriptCore.framework in Frameworks */,
				6D2FFBD51DCE15CB007D1BF5 /* libBaiduMobStat.a in Frameworks */,
			);
			runOnlyForDeploymentPostprocessing = 0;
		};
		6DE0004E1A3474F200F9D2A5 /* Frameworks */ = {
			isa = PBXFrameworksBuildPhase;
			buildActionMask = 2147483647;
			files = (
			);
			runOnlyForDeploymentPostprocessing = 0;
		};
/* End PBXFrameworksBuildPhase section */

/* Begin PBXGroup section */
		6D2FFBAE1DCE13BF007D1BF5 /* Class */ = {
			isa = PBXGroup;
			children = (
				6D2FFBAF1DCE13BF007D1BF5 /* AppDelegate.h */,
				6D2FFBB01DCE13BF007D1BF5 /* AppDelegate.m */,
				6D2FFBB91DCE13BF007D1BF5 /* RootViewController.h */,
				6D2FFBBA1DCE13BF007D1BF5 /* RootViewController.m */,
				6D2FFBB61DCE13BF007D1BF5 /* FSBSetingViewController.h */,
				6D2FFBB71DCE13BF007D1BF5 /* FSBSetingViewController.m */,
				6D2FFBEB1DCE1681007D1BF5 /* FSBAboutViewController.swift */,
				6D2FFBB11DCE13BF007D1BF5 /* FSBGirlCollectionVC.h */,
				6D2FFBB21DCE13BF007D1BF5 /* FSBGirlCollectionVC.m */,
				6D2FFBB31DCE13BF007D1BF5 /* FSBGirlDetailVC.h */,
				6D2FFBB41DCE13BF007D1BF5 /* FSBGirlDetailVC.m */,
				6D2FFBBD1DCE13BF007D1BF5 /* Vendors */,
				6D2FFBC31DCE13BF007D1BF5 /* Views */,
				6D2FFBCF1DCE1534007D1BF5 /* FullScreenBrowser-Bridging-Header.h */,
			);
			name = Class;
			path = FullScreenBrowser/Class;
			sourceTree = SOURCE_ROOT;
		};
		6D2FFBBD1DCE13BF007D1BF5 /* Vendors */ = {
			isa = PBXGroup;
			children = (
				6D2FFBD21DCE15CB007D1BF5 /* BaiduMTJ_iOS_App_V4.3.0 */,
			);
			path = Vendors;
			sourceTree = "<group>";
		};
		6D2FFBC31DCE13BF007D1BF5 /* Views */ = {
			isa = PBXGroup;
			children = (
				6D661F641DCE2C87005F39D7 /* FSBCollectionViewCell.swift */,
				6D661F651DCE2C87005F39D7 /* FSBCollectionViewCell.xib */,
			);
			path = Views;
			sourceTree = "<group>";
		};
		6D2FFBD21DCE15CB007D1BF5 /* BaiduMTJ_iOS_App_V4.3.0 */ = {
			isa = PBXGroup;
			children = (
				6D2FFBD31DCE15CB007D1BF5 /* BaiduMobStat.h */,
				6D2FFBD41DCE15CB007D1BF5 /* libBaiduMobStat.a */,
			);
			path = BaiduMTJ_iOS_App_V4.3.0;
			sourceTree = "<group>";
		};
		6D2FFBD61DCE1601007D1BF5 /* Frameworks */ = {
			isa = PBXGroup;
			children = (
				6D2FFBE91DCE166C007D1BF5 /* libc++.tbd */,
				6D2FFBE71DCE1657007D1BF5 /* libz.1.2.5.tbd */,
				6D2FFBE51DCE164E007D1BF5 /* Security.framework */,
				6D2FFBE31DCE163E007D1BF5 /* CoreLocation.framework */,
				6D2FFBE11DCE1633007D1BF5 /* SystemConfiguration.framework */,
				6D2FFBDF1DCE162B007D1BF5 /* CoreTelephony.framework */,
				6D2FFBDD1DCE1620007D1BF5 /* CoreGraphics.framework */,
				6D2FFBDB1DCE1614007D1BF5 /* UIKit.framework */,
				6D2FFBD91DCE1610007D1BF5 /* Foundation.framework */,
				6D2FFBD71DCE1601007D1BF5 /* JavaScriptCore.framework */,
			);
			name = Frameworks;
			sourceTree = "<group>";
		};
		6D2FFC101DCE18B8007D1BF5 /* Images */ = {
			isa = PBXGroup;
			children = (
				6D2FFC111DCE18B8007D1BF5 /* BIcom406.png */,
				6D2FFC121DCE18B8007D1BF5 /* fullBtn@2x.png */,
				6D2FFC131DCE18B8007D1BF5 /* fullBtn@3x.png */,
				6D2FFC141DCE18B8007D1BF5 /* goBack@2x.png */,
				6D2FFC151DCE18B8007D1BF5 /* goBack@3x.png */,
				6D2FFC161DCE18B8007D1BF5 /* goForward@2x.png */,
				6D2FFC171DCE18B8007D1BF5 /* goForward@3x.png */,
				6D2FFC181DCE18B8007D1BF5 /* home@2x.png */,
				6D2FFC191DCE18B8007D1BF5 /* home@3x.png */,
				6D2FFC1A1DCE18B8007D1BF5 /* reloading@2x.png */,
				6D2FFC1B1DCE18B8007D1BF5 /* reloading@3x.png */,
				6D2FFC1C1DCE18B8007D1BF5 /* search@2x.png */,
				6D2FFC1D1DCE18B8007D1BF5 /* search@3x.png */,
				6D2FFC1E1DCE18B8007D1BF5 /* setting@2x.png */,
				6D2FFC1F1DCE18B8007D1BF5 /* setting@3x.png */,
				6D2FFC201DCE18B8007D1BF5 /* stopLoading@2x.png */,
				6D2FFC211DCE18B8007D1BF5 /* stopLoading@3x.png */,
			);
			name = Images;
			path = FullScreenBrowser/Images;
			sourceTree = SOURCE_ROOT;
		};
		6DE0002F1A3474F200F9D2A5 = {
			isa = PBXGroup;
			children = (
				6DE0003A1A3474F200F9D2A5 /* FullScreenBrowser */,
				6DE000391A3474F200F9D2A5 /* Products */,
				6D2FFBD61DCE1601007D1BF5 /* Frameworks */,
			);
			sourceTree = "<group>";
		};
		6DE000391A3474F200F9D2A5 /* Products */ = {
			isa = PBXGroup;
			children = (
				6DE000381A3474F200F9D2A5 /* 全屏浏览器.app */,
				6DE000511A3474F200F9D2A5 /* fullScreenBrowserTests.xctest */,
			);
			name = Products;
			sourceTree = "<group>";
		};
		6DE0003A1A3474F200F9D2A5 /* FullScreenBrowser */ = {
			isa = PBXGroup;
			children = (
				6D2FFBAE1DCE13BF007D1BF5 /* Class */,
				6DE000451A3474F200F9D2A5 /* Main.storyboard */,
				6DE000481A3474F200F9D2A5 /* Images.xcassets */,
				6D2FFC101DCE18B8007D1BF5 /* Images */,
				6DE0004A1A3474F200F9D2A5 /* LaunchScreen.xib */,
				6DE0003B1A3474F200F9D2A5 /* Supporting Files */,
			);
			name = FullScreenBrowser;
			path = fullScreenBrowser;
			sourceTree = "<group>";
		};
		6DE0003B1A3474F200F9D2A5 /* Supporting Files */ = {
			isa = PBXGroup;
			children = (
				6DE0003C1A3474F200F9D2A5 /* Info.plist */,
				6DE0003D1A3474F200F9D2A5 /* main.m */,
			);
			name = "Supporting Files";
			sourceTree = "<group>";
		};
/* End PBXGroup section */

/* Begin PBXNativeTarget section */
		6DE000371A3474F200F9D2A5 /* FullScreenBrowser */ = {
			isa = PBXNativeTarget;
			buildConfigurationList = 6DE0005B1A3474F200F9D2A5 /* Build configuration list for PBXNativeTarget "FullScreenBrowser" */;
			buildPhases = (
				6DE000341A3474F200F9D2A5 /* Sources */,
				6DE000351A3474F200F9D2A5 /* Frameworks */,
				6DE000361A3474F200F9D2A5 /* Resources */,
			);
			buildRules = (
			);
			dependencies = (
			);
			name = FullScreenBrowser;
			productName = fullScreenBrowser;
			productReference = 6DE000381A3474F200F9D2A5 /* 全屏浏览器.app */;
			productType = "com.apple.product-type.application";
		};
		6DE000501A3474F200F9D2A5 /* fullScreenBrowserTests */ = {
			isa = PBXNativeTarget;
			buildConfigurationList = 6DE0005E1A3474F200F9D2A5 /* Build configuration list for PBXNativeTarget "fullScreenBrowserTests" */;
			buildPhases = (
				6DE0004D1A3474F200F9D2A5 /* Sources */,
				6DE0004E1A3474F200F9D2A5 /* Frameworks */,
				6DE0004F1A3474F200F9D2A5 /* Resources */,
			);
			buildRules = (
			);
			dependencies = (
				6DE000531A3474F200F9D2A5 /* PBXTargetDependency */,
			);
			name = fullScreenBrowserTests;
			productName = fullScreenBrowserTests;
			productReference = 6DE000511A3474F200F9D2A5 /* fullScreenBrowserTests.xctest */;
			productType = "com.apple.product-type.bundle.unit-test";
		};
/* End PBXNativeTarget section */

/* Begin PBXProject section */
		6DE000301A3474F200F9D2A5 /* Project object */ = {
			isa = PBXProject;
			attributes = {
				LastUpgradeCheck = 0610;
				ORGANIZATIONNAME = iHTCboy;
				TargetAttributes = {
					6DE000371A3474F200F9D2A5 = {
						CreatedOnToolsVersion = 6.1.1;
						DevelopmentTeam = 28PV6G96R7;
						LastSwiftMigration = 0810;
					};
					6DE000501A3474F200F9D2A5 = {
						CreatedOnToolsVersion = 6.1.1;
						DevelopmentTeam = 28PV6G96R7;
						TestTargetID = 6DE000371A3474F200F9D2A5;
					};
				};
			};
			buildConfigurationList = 6DE000331A3474F200F9D2A5 /* Build configuration list for PBXProject "FullScreenBrowser" */;
			compatibilityVersion = "Xcode 3.2";
			developmentRegion = English;
			hasScannedForEncodings = 0;
			knownRegions = (
				en,
				Base,
			);
			mainGroup = 6DE0002F1A3474F200F9D2A5;
			productRefGroup = 6DE000391A3474F200F9D2A5 /* Products */;
			projectDirPath = "";
			projectRoot = "";
			targets = (
				6DE000371A3474F200F9D2A5 /* FullScreenBrowser */,
				6DE000501A3474F200F9D2A5 /* fullScreenBrowserTests */,
			);
		};
/* End PBXProject section */

/* Begin PBXResourcesBuildPhase section */
		6DE000361A3474F200F9D2A5 /* Resources */ = {
			isa = PBXResourcesBuildPhase;
			buildActionMask = 2147483647;
			files = (
				6D2FFC301DCE18B8007D1BF5 /* setting@3x.png in Resources */,
				6DE000471A3474F200F9D2A5 /* Main.storyboard in Resources */,
				6D2FFC2E1DCE18B8007D1BF5 /* search@3x.png in Resources */,
				6D2FFC281DCE18B8007D1BF5 /* goForward@3x.png in Resources */,
				6D2FFC2A1DCE18B8007D1BF5 /* home@3x.png in Resources */,
				6D2FFC2D1DCE18B8007D1BF5 /* search@2x.png in Resources */,
				6D2FFC271DCE18B8007D1BF5 /* goForward@2x.png in Resources */,
				6DE0004C1A3474F200F9D2A5 /* LaunchScreen.xib in Resources */,
				6D2FFC2B1DCE18B8007D1BF5 /* reloading@2x.png in Resources */,
				6D2FFC261DCE18B8007D1BF5 /* goBack@3x.png in Resources */,
				6D2FFC2C1DCE18B8007D1BF5 /* reloading@3x.png in Resources */,
				6D661F671DCE2C87005F39D7 /* FSBCollectionViewCell.xib in Resources */,
				6D2FFC231DCE18B8007D1BF5 /* fullBtn@2x.png in Resources */,
				6D2FFC241DCE18B8007D1BF5 /* fullBtn@3x.png in Resources */,
				6D2FFC311DCE18B8007D1BF5 /* stopLoading@2x.png in Resources */,
				6D2FFC2F1DCE18B8007D1BF5 /* setting@2x.png in Resources */,
				6D2FFC251DCE18B8007D1BF5 /* goBack@2x.png in Resources */,
				6D2FFC321DCE18B8007D1BF5 /* stopLoading@3x.png in Resources */,
				6DE000491A3474F200F9D2A5 /* Images.xcassets in Resources */,
				6D2FFC221DCE18B8007D1BF5 /* BIcom406.png in Resources */,
				6D2FFC291DCE18B8007D1BF5 /* home@2x.png in Resources */,
			);
			runOnlyForDeploymentPostprocessing = 0;
		};
		6DE0004F1A3474F200F9D2A5 /* Resources */ = {
			isa = PBXResourcesBuildPhase;
			buildActionMask = 2147483647;
			files = (
			);
			runOnlyForDeploymentPostprocessing = 0;
		};
/* End PBXResourcesBuildPhase section */

/* Begin PBXSourcesBuildPhase section */
		6DE000341A3474F200F9D2A5 /* Sources */ = {
			isa = PBXSourcesBuildPhase;
			buildActionMask = 2147483647;
			files = (
				6D661F661DCE2C87005F39D7 /* FSBCollectionViewCell.swift in Sources */,
				6D2FFBC51DCE13BF007D1BF5 /* FSBGirlCollectionVC.m in Sources */,
				6D2FFBC91DCE13BF007D1BF5 /* RootViewController.m in Sources */,
				6D2FFBC61DCE13BF007D1BF5 /* FSBGirlDetailVC.m in Sources */,
				6D2FFBC81DCE13BF007D1BF5 /* FSBSetingViewController.m in Sources */,
				6D2FFBEC1DCE1681007D1BF5 /* FSBAboutViewController.swift in Sources */,
				6D2FFBC41DCE13BF007D1BF5 /* AppDelegate.m in Sources */,
				6DE0003E1A3474F200F9D2A5 /* main.m in Sources */,
			);
			runOnlyForDeploymentPostprocessing = 0;
		};
		6DE0004D1A3474F200F9D2A5 /* Sources */ = {
			isa = PBXSourcesBuildPhase;
			buildActionMask = 2147483647;
			files = (
			);
			runOnlyForDeploymentPostprocessing = 0;
		};
/* End PBXSourcesBuildPhase section */

/* Begin PBXTargetDependency section */
		6DE000531A3474F200F9D2A5 /* PBXTargetDependency */ = {
			isa = PBXTargetDependency;
			target = 6DE000371A3474F200F9D2A5 /* FullScreenBrowser */;
			targetProxy = 6DE000521A3474F200F9D2A5 /* PBXContainerItemProxy */;
		};
/* End PBXTargetDependency section */

/* Begin PBXVariantGroup section */
		6DE000451A3474F200F9D2A5 /* Main.storyboard */ = {
			isa = PBXVariantGroup;
			children = (
				6DE000461A3474F200F9D2A5 /* Base */,
				6DE000611A34756F00F9D2A5 /* zh-Hans */,
			);
			name = Main.storyboard;
			sourceTree = "<group>";
		};
		6DE0004A1A3474F200F9D2A5 /* LaunchScreen.xib */ = {
			isa = PBXVariantGroup;
			children = (
				6DE0004B1A3474F200F9D2A5 /* Base */,
				6DE000621A34756F00F9D2A5 /* zh-Hans */,
			);
			name = LaunchScreen.xib;
			sourceTree = "<group>";
		};
/* End PBXVariantGroup section */

/* Begin XCBuildConfiguration section */
		6DE000591A3474F200F9D2A5 /* Debug */ = {
			isa = XCBuildConfiguration;
			buildSettings = {
				ALWAYS_SEARCH_USER_PATHS = NO;
				CLANG_CXX_LANGUAGE_STANDARD = "gnu++0x";
				CLANG_CXX_LIBRARY = "libc++";
				CLANG_ENABLE_MODULES = YES;
				CLANG_ENABLE_OBJC_ARC = YES;
				CLANG_WARN_BOOL_CONVERSION = YES;
				CLANG_WARN_CONSTANT_CONVERSION = YES;
				CLANG_WARN_DIRECT_OBJC_ISA_USAGE = YES_ERROR;
				CLANG_WARN_EMPTY_BODY = YES;
				CLANG_WARN_ENUM_CONVERSION = YES;
				CLANG_WARN_INT_CONVERSION = YES;
				CLANG_WARN_OBJC_ROOT_CLASS = YES_ERROR;
				CLANG_WARN_UNREACHABLE_CODE = YES;
				CLANG_WARN__DUPLICATE_METHOD_MATCH = YES;
				CODE_SIGN_IDENTITY = "iPhone Developer: he tiancong (73C25USF4U)";
				"CODE_SIGN_IDENTITY[sdk=iphoneos*]" = "iPhone Developer: he tiancong (73C25USF4U)";
				COPY_PHASE_STRIP = NO;
				ENABLE_STRICT_OBJC_MSGSEND = YES;
				GCC_C_LANGUAGE_STANDARD = gnu99;
				GCC_DYNAMIC_NO_PIC = NO;
				GCC_OPTIMIZATION_LEVEL = 0;
				GCC_PREPROCESSOR_DEFINITIONS = (
					"DEBUG=1",
					"$(inherited)",
				);
				GCC_SYMBOLS_PRIVATE_EXTERN = NO;
				GCC_WARN_64_TO_32_BIT_CONVERSION = YES;
				GCC_WARN_ABOUT_RETURN_TYPE = YES_ERROR;
				GCC_WARN_UNDECLARED_SELECTOR = YES;
				GCC_WARN_UNINITIALIZED_AUTOS = YES_AGGRESSIVE;
				GCC_WARN_UNUSED_FUNCTION = YES;
				GCC_WARN_UNUSED_VARIABLE = YES;
				IPHONEOS_DEPLOYMENT_TARGET = 8.0;
				MTL_ENABLE_DEBUG_INFO = YES;
				ONLY_ACTIVE_ARCH = YES;
				SDKROOT = iphoneos;
				SWIFT_VERSION = 3.0.1;
			};
			name = Debug;
		};
		6DE0005A1A3474F200F9D2A5 /* Release */ = {
			isa = XCBuildConfiguration;
			buildSettings = {
				ALWAYS_SEARCH_USER_PATHS = NO;
				CLANG_CXX_LANGUAGE_STANDARD = "gnu++0x";
				CLANG_CXX_LIBRARY = "libc++";
				CLANG_ENABLE_MODULES = YES;
				CLANG_ENABLE_OBJC_ARC = YES;
				CLANG_WARN_BOOL_CONVERSION = YES;
				CLANG_WARN_CONSTANT_CONVERSION = YES;
				CLANG_WARN_DIRECT_OBJC_ISA_USAGE = YES_ERROR;
				CLANG_WARN_EMPTY_BODY = YES;
				CLANG_WARN_ENUM_CONVERSION = YES;
				CLANG_WARN_INT_CONVERSION = YES;
				CLANG_WARN_OBJC_ROOT_CLASS = YES_ERROR;
				CLANG_WARN_UNREACHABLE_CODE = YES;
				CLANG_WARN__DUPLICATE_METHOD_MATCH = YES;
				CODE_SIGN_IDENTITY = "iPhone Developer: he tiancong (73C25USF4U)";
				"CODE_SIGN_IDENTITY[sdk=iphoneos*]" = "iPhone Developer: he tiancong (73C25USF4U)";
				COPY_PHASE_STRIP = YES;
				ENABLE_NS_ASSERTIONS = NO;
				ENABLE_STRICT_OBJC_MSGSEND = YES;
				GCC_C_LANGUAGE_STANDARD = gnu99;
				GCC_WARN_64_TO_32_BIT_CONVERSION = YES;
				GCC_WARN_ABOUT_RETURN_TYPE = YES_ERROR;
				GCC_WARN_UNDECLARED_SELECTOR = YES;
				GCC_WARN_UNINITIALIZED_AUTOS = YES_AGGRESSIVE;
				GCC_WARN_UNUSED_FUNCTION = YES;
				GCC_WARN_UNUSED_VARIABLE = YES;
				IPHONEOS_DEPLOYMENT_TARGET = 8.0;
				MTL_ENABLE_DEBUG_INFO = NO;
				SDKROOT = iphoneos;
				SWIFT_VERSION = 3.0.1;
				VALIDATE_PRODUCT = YES;
			};
			name = Release;
		};
		6DE0005C1A3474F200F9D2A5 /* Debug */ = {
			isa = XCBuildConfiguration;
			buildSettings = {
				ASSETCATALOG_COMPILER_APPICON_NAME = AppIcon;
				CLANG_ENABLE_MODULES = YES;
				CODE_SIGN_IDENTITY = "iPhone Developer";
				"CODE_SIGN_IDENTITY[sdk=iphoneos*]" = "iPhone Developer";
				DEVELOPMENT_TEAM = 28PV6G96R7;
				INFOPLIST_FILE = FullScreenBrowser/Info.plist;
				LD_RUNPATH_SEARCH_PATHS = "$(inherited) @executable_path/Frameworks";
				LIBRARY_SEARCH_PATHS = (
					"$(inherited)",
					"$(PROJECT_DIR)/FullScreenBrowser/Class/Vendors/BaiduMTJ_iOS_App_V4.3.0",
				);
				OTHER_LDFLAGS = "-all_load";
				OTHER_LIBTOOLFLAGS = "";
				PRODUCT_MODULE_NAME = FSB;
				PRODUCT_NAME = "全屏浏览器";
				PROVISIONING_PROFILE = "";
				SWIFT_OBJC_BRIDGING_HEADER = "FullScreenBrowser/Class/FullScreenBrowser-Bridging-Header.h";
				SWIFT_OPTIMIZATION_LEVEL = "-Onone";
				SWIFT_VERSION = 3.0.1;
				TARGETED_DEVICE_FAMILY = "1,2";
			};
			name = Debug;
		};
		6DE0005D1A3474F200F9D2A5 /* Release */ = {
			isa = XCBuildConfiguration;
			buildSettings = {
				ASSETCATALOG_COMPILER_APPICON_NAME = AppIcon;
				CLANG_ENABLE_MODULES = YES;
				CODE_SIGN_IDENTITY = "iPhone Developer";
				"CODE_SIGN_IDENTITY[sdk=iphoneos*]" = "iPhone Developer";
				DEVELOPMENT_TEAM = 28PV6G96R7;
				INFOPLIST_FILE = FullScreenBrowser/Info.plist;
				LD_RUNPATH_SEARCH_PATHS = "$(inherited) @executable_path/Frameworks";
				LIBRARY_SEARCH_PATHS = (
					"$(inherited)",
					"$(PROJECT_DIR)/FullScreenBrowser/Class/Vendors/BaiduMTJ_iOS_App_V4.3.0",
				);
				OTHER_LDFLAGS = "-all_load";
				OTHER_LIBTOOLFLAGS = "";
				PRODUCT_MODULE_NAME = FSB;
				PRODUCT_NAME = "全屏浏览器";
				PROVISIONING_PROFILE = "";
				SWIFT_OBJC_BRIDGING_HEADER = "FullScreenBrowser/Class/FullScreenBrowser-Bridging-Header.h";
				SWIFT_VERSION = 3.0.1;
				TARGETED_DEVICE_FAMILY = "1,2";
			};
			name = Release;
		};
		6DE0005F1A3474F200F9D2A5 /* Debug */ = {
			isa = XCBuildConfiguration;
			buildSettings = {
				ALWAYS_EMBED_SWIFT_STANDARD_LIBRARIES = YES;
				BUNDLE_LOADER = "$(TEST_HOST)";
				CODE_SIGN_IDENTITY = "iPhone Developer";
				"CODE_SIGN_IDENTITY[sdk=iphoneos*]" = "iPhone Developer";
				FRAMEWORK_SEARCH_PATHS = (
					"$(SDKROOT)/Developer/Library/Frameworks",
					"$(inherited)",
				);
				GCC_PREPROCESSOR_DEFINITIONS = (
					"DEBUG=1",
					"$(inherited)",
				);
				INFOPLIST_FILE = fullScreenBrowserTests/Info.plist;
				LD_RUNPATH_SEARCH_PATHS = "$(inherited) @executable_path/Frameworks @loader_path/Frameworks";
				PRODUCT_NAME = "$(TARGET_NAME)";
				PROVISIONING_PROFILE = "";
				TEST_HOST = "$(BUILT_PRODUCTS_DIR)/fullScreenBrowser.app/fullScreenBrowser";
			};
			name = Debug;
		};
		6DE000601A3474F200F9D2A5 /* Release */ = {
			isa = XCBuildConfiguration;
			buildSettings = {
				ALWAYS_EMBED_SWIFT_STANDARD_LIBRARIES = YES;
				BUNDLE_LOADER = "$(TEST_HOST)";
				CODE_SIGN_IDENTITY = "iPhone Developer";
				"CODE_SIGN_IDENTITY[sdk=iphoneos*]" = "iPhone Developer";
				FRAMEWORK_SEARCH_PATHS = (
					"$(SDKROOT)/Developer/Library/Frameworks",
					"$(inherited)",
				);
				INFOPLIST_FILE = fullScreenBrowserTests/Info.plist;
				LD_RUNPATH_SEARCH_PATHS = "$(inherited) @executable_path/Frameworks @loader_path/Frameworks";
				PRODUCT_NAME = "$(TARGET_NAME)";
				PROVISIONING_PROFILE = "";
				TEST_HOST = "$(BUILT_PRODUCTS_DIR)/fullScreenBrowser.app/fullScreenBrowser";
			};
			name = Release;
		};
/* End XCBuildConfiguration section */

/* Begin XCConfigurationList section */
		6DE000331A3474F200F9D2A5 /* Build configuration list for PBXProject "FullScreenBrowser" */ = {
			isa = XCConfigurationList;
			buildConfigurations = (
				6DE000591A3474F200F9D2A5 /* Debug */,
				6DE0005A1A3474F200F9D2A5 /* Release */,
			);
			defaultConfigurationIsVisible = 0;
			defaultConfigurationName = Release;
		};
		6DE0005B1A3474F200F9D2A5 /* Build configuration list for PBXNativeTarget "FullScreenBrowser" */ = {
			isa = XCConfigurationList;
			buildConfigurations = (
				6DE0005C1A3474F200F9D2A5 /* Debug */,
				6DE0005D1A3474F200F9D2A5 /* Release */,
			);
			defaultConfigurationIsVisible = 0;
			defaultConfigurationName = Release;
		};
		6DE0005E1A3474F200F9D2A5 /* Build configuration list for PBXNativeTarget "fullScreenBrowserTests" */ = {
			isa = XCConfigurationList;
			buildConfigurations = (
				6DE0005F1A3474F200F9D2A5 /* Debug */,
				6DE000601A3474F200F9D2A5 /* Release */,
			);
			defaultConfigurationIsVisible = 0;
			defaultConfigurationName = Release;
		};
/* End XCConfigurationList section */
	};
	rootObject = 6DE000301A3474F200F9D2A5 /* Project object */;
}
