// !$*UTF8*$!
{
	archiveVersion = 1;
	classes = {
	};
	objectVersion = 46;
	objects = {

/* Begin PBXBuildFile section */
		52B2B7F237282B4C0A77C7B8 /* libPods-FullScreenBrowser.a in Frameworks */ = {isa = PBXBuildFile; fileRef = BB4D2FE3C8AB5596249E254B /* libPods-FullScreenBrowser.a */; };
		6D20F945217ADC40004A4ED1 /* libBaiduMobStat.a in Frameworks */ = {isa = PBXBuildFile; fileRef = 6D20F943217ADC3F004A4ED1 /* libBaiduMobStat.a */; };
		6D20F948217ADE0C004A4ED1 /* Utility.m in Sources */ = {isa = PBXBuildFile; fileRef = 6D20F946217ADE0C004A4ED1 /* Utility.m */; };
		6D2FFBC41DCE13BF007D1BF5 /* AppDelegate.m in Sources */ = {isa = PBXBuildFile; fileRef = 6D2FFBB01DCE13BF007D1BF5 /* AppDelegate.m */; };
		6D2FFBD81DCE1601007D1BF5 /* JavaScriptCore.framework in Frameworks */ = {isa = PBXBuildFile; fileRef = 6D2FFBD71DCE1601007D1BF5 /* JavaScriptCore.framework */; };
		6D2FFBDA1DCE1610007D1BF5 /* Foundation.framework in Frameworks */ = {isa = PBXBuildFile; fileRef = 6D2FFBD91DCE1610007D1BF5 /* Foundation.framework */; };
		6D2FFBDC1DCE1614007D1BF5 /* UIKit.framework in Frameworks */ = {isa = PBXBuildFile; fileRef = 6D2FFBDB1DCE1614007D1BF5 /* UIKit.framework */; };
		6D2FFBDE1DCE1620007D1BF5 /* CoreGraphics.framework in Frameworks */ = {isa = PBXBuildFile; fileRef = 6D2FFBDD1DCE1620007D1BF5 /* CoreGraphics.framework */; };
		6D2FFBE01DCE162B007D1BF5 /* CoreTelephony.framework in Frameworks */ = {isa = PBXBuildFile; fileRef = 6D2FFBDF1DCE162B007D1BF5 /* CoreTelephony.framework */; };
		6D2FFBE21DCE1633007D1BF5 /* SystemConfiguration.framework in Frameworks */ = {isa = PBXBuildFile; fileRef = 6D2FFBE11DCE1633007D1BF5 /* SystemConfiguration.framework */; };
		6D2FFBE41DCE163E007D1BF5 /* CoreLocation.framework in Frameworks */ = {isa = PBXBuildFile; fileRef = 6D2FFBE31DCE163E007D1BF5 /* CoreLocation.framework */; };
		6D2FFBE61DCE164E007D1BF5 /* Security.framework in Frameworks */ = {isa = PBXBuildFile; fileRef = 6D2FFBE51DCE164E007D1BF5 /* Security.framework */; };
		6D2FFBE81DCE1657007D1BF5 /* libz.1.2.5.tbd in Frameworks */ = {isa = PBXBuildFile; fileRef = 6D2FFBE71DCE1657007D1BF5 /* libz.1.2.5.tbd */; };
		6D2FFBEA1DCE166C007D1BF5 /* libc++.tbd in Frameworks */ = {isa = PBXBuildFile; fileRef = 6D2FFBE91DCE166C007D1BF5 /* libc++.tbd */; };
		6D2FFBEC1DCE1681007D1BF5 /* FSBAboutViewController.swift in Sources */ = {isa = PBXBuildFile; fileRef = 6D2FFBEB1DCE1681007D1BF5 /* FSBAboutViewController.swift */; };
		6D2FFC221DCE18B8007D1BF5 /* BIcom406.png in Resources */ = {isa = PBXBuildFile; fileRef = 6D2FFC111DCE18B8007D1BF5 /* BIcom406.png */; };
		6D2FFC231DCE18B8007D1BF5 /* fullBtn@2x.png in Resources */ = {isa = PBXBuildFile; fileRef = 6D2FFC121DCE18B8007D1BF5 /* fullBtn@2x.png */; };
		6D2FFC241DCE18B8007D1BF5 /* fullBtn@3x.png in Resources */ = {isa = PBXBuildFile; fileRef = 6D2FFC131DCE18B8007D1BF5 /* fullBtn@3x.png */; };
		6D2FFC251DCE18B8007D1BF5 /* goBack@2x.png in Resources */ = {isa = PBXBuildFile; fileRef = 6D2FFC141DCE18B8007D1BF5 /* goBack@2x.png */; };
		6D2FFC261DCE18B8007D1BF5 /* goBack@3x.png in Resources */ = {isa = PBXBuildFile; fileRef = 6D2FFC151DCE18B8007D1BF5 /* goBack@3x.png */; };
		6D2FFC271DCE18B8007D1BF5 /* goForward@2x.png in Resources */ = {isa = PBXBuildFile; fileRef = 6D2FFC161DCE18B8007D1BF5 /* goForward@2x.png */; };
		6D2FFC281DCE18B8007D1BF5 /* goForward@3x.png in Resources */ = {isa = PBXBuildFile; fileRef = 6D2FFC171DCE18B8007D1BF5 /* goForward@3x.png */; };
		6D2FFC291DCE18B8007D1BF5 /* home@2x.png in Resources */ = {isa = PBXBuildFile; fileRef = 6D2FFC181DCE18B8007D1BF5 /* home@2x.png */; };
		6D2FFC2A1DCE18B8007D1BF5 /* home@3x.png in Resources */ = {isa = PBXBuildFile; fileRef = 6D2FFC191DCE18B8007D1BF5 /* home@3x.png */; };
		6D2FFC2B1DCE18B8007D1BF5 /* reloading@2x.png in Resources */ = {isa = PBXBuildFile; fileRef = 6D2FFC1A1DCE18B8007D1BF5 /* reloading@2x.png */; };
		6D2FFC2C1DCE18B8007D1BF5 /* reloading@3x.png in Resources */ = {isa = PBXBuildFile; fileRef = 6D2FFC1B1DCE18B8007D1BF5 /* reloading@3x.png */; };
		6D2FFC2D1DCE18B8007D1BF5 /* search@2x.png in Resources */ = {isa = PBXBuildFile; fileRef = 6D2FFC1C1DCE18B8007D1BF5 /* search@2x.png */; };
		6D2FFC2E1DCE18B8007D1BF5 /* search@3x.png in Resources */ = {isa = PBXBuildFile; fileRef = 6D2FFC1D1DCE18B8007D1BF5 /* search@3x.png */; };
		6D2FFC2F1DCE18B8007D1BF5 /* setting@2x.png in Resources */ = {isa = PBXBuildFile; fileRef = 6D2FFC1E1DCE18B8007D1BF5 /* setting@2x.png */; };
		6D2FFC301DCE18B8007D1BF5 /* setting@3x.png in Resources */ = {isa = PBXBuildFile; fileRef = 6D2FFC1F1DCE18B8007D1BF5 /* setting@3x.png */; };
		6D2FFC311DCE18B8007D1BF5 /* stopLoading@2x.png in Resources */ = {isa = PBXBuildFile; fileRef = 6D2FFC201DCE18B8007D1BF5 /* stopLoading@2x.png */; };
		6D2FFC321DCE18B8007D1BF5 /* stopLoading@3x.png in Resources */ = {isa = PBXBuildFile; fileRef = 6D2FFC211DCE18B8007D1BF5 /* stopLoading@3x.png */; };
		6D33DD4B2604F70100003481 /* ITAdvancelDetailViewController.swift in Sources */ = {isa = PBXBuildFile; fileRef = 6D33DD4A2604F70100003481 /* ITAdvancelDetailViewController.swift */; };
		6D33DD4F2604F72A00003481 /* iHTCboyApp.json in Resources */ = {isa = PBXBuildFile; fileRef = 6D33DD4E2604F72A00003481 /* iHTCboyApp.json */; };
		6D33DD532604F81A00003481 /* TCAppConst.swift in Sources */ = {isa = PBXBuildFile; fileRef = 6D33DD522604F81A00003481 /* TCAppConst.swift */; };
		6D33DD582604F84600003481 /* TableHeaderView.swift in Sources */ = {isa = PBXBuildFile; fileRef = 6D33DD562604F84500003481 /* TableHeaderView.swift */; };
		6D33DD592604F84600003481 /* TableHeaderView.xib in Resources */ = {isa = PBXBuildFile; fileRef = 6D33DD572604F84600003481 /* TableHeaderView.xib */; };
		6D33DD5D2604F86400003481 /* IAppleServiceUtil.swift in Sources */ = {isa = PBXBuildFile; fileRef = 6D33DD5C2604F86400003481 /* IAppleServiceUtil.swift */; };
		6D36419125FFB14A00230B0B /* TCUserDefaults.swift in Sources */ = {isa = PBXBuildFile; fileRef = 6D36419025FFB14A00230B0B /* TCUserDefaults.swift */; };
		6D68B6292605CE070014A986 /* InfoPlist.strings in Resources */ = {isa = PBXBuildFile; fileRef = 6D68B62B2605CE070014A986 /* InfoPlist.strings */; };
		6DA5885E2605D91400C351C4 /* Localizable.strings in Resources */ = {isa = PBXBuildFile; fileRef = 6DA588602605D91400C351C4 /* Localizable.strings */; };
		6DA951D21DEDD0EE00EC27BC /* FSBSetingViewController.m in Sources */ = {isa = PBXBuildFile; fileRef = 6DA951D01DEDD0EE00EC27BC /* FSBSetingViewController.m */; };
		6DA951D31DEDD0EE00EC27BC /* RootViewController.m in Sources */ = {isa = PBXBuildFile; fileRef = 6DA951D11DEDD0EE00EC27BC /* RootViewController.m */; };
		6DE0003E1A3474F200F9D2A5 /* main.m in Sources */ = {isa = PBXBuildFile; fileRef = 6DE0003D1A3474F200F9D2A5 /* main.m */; };
		6DE000471A3474F200F9D2A5 /* Main.storyboard in Resources */ = {isa = PBXBuildFile; fileRef = 6DE000451A3474F200F9D2A5 /* Main.storyboard */; };
		6DE000491A3474F200F9D2A5 /* Images.xcassets in Resources */ = {isa = PBXBuildFile; fileRef = 6DE000481A3474F200F9D2A5 /* Images.xcassets */; };
		6DE0004C1A3474F200F9D2A5 /* LaunchScreen.xib in Resources */ = {isa = PBXBuildFile; fileRef = 6DE0004A1A3474F200F9D2A5 /* LaunchScreen.xib */; };
		6DF7F5771DCF50A9000F560A /* MWCaptionView.m in Sources */ = {isa = PBXBuildFile; fileRef = 6DF7F5681DCF50A9000F560A /* MWCaptionView.m */; };
		6DF7F5781DCF50A9000F560A /* MWPhoto.m in Sources */ = {isa = PBXBuildFile; fileRef = 6DF7F56B1DCF50A9000F560A /* MWPhoto.m */; };
		6DF7F5791DCF50A9000F560A /* MWPhotoBrowser.bundle in Resources */ = {isa = PBXBuildFile; fileRef = 6DF7F56C1DCF50A9000F560A /* MWPhotoBrowser.bundle */; };
		6DF7F57A1DCF50A9000F560A /* MWPhotoBrowser.m in Sources */ = {isa = PBXBuildFile; fileRef = 6DF7F56E1DCF50A9000F560A /* MWPhotoBrowser.m */; };
		6DF7F57B1DCF50A9000F560A /* MWTapDetectingImageView.m in Sources */ = {isa = PBXBuildFile; fileRef = 6DF7F5721DCF50A9000F560A /* MWTapDetectingImageView.m */; };
		6DF7F57C1DCF50A9000F560A /* MWTapDetectingView.m in Sources */ = {isa = PBXBuildFile; fileRef = 6DF7F5741DCF50A9000F560A /* MWTapDetectingView.m */; };
		6DF7F57D1DCF50A9000F560A /* MWZoomingScrollView.m in Sources */ = {isa = PBXBuildFile; fileRef = 6DF7F5761DCF50A9000F560A /* MWZoomingScrollView.m */; };
		6DF7F5811DCF51FE000F560A /* DACircularProgressView.m in Sources */ = {isa = PBXBuildFile; fileRef = 6DF7F5801DCF51FE000F560A /* DACircularProgressView.m */; };
		6DF7F5861DCF52AA000F560A /* MBProgressHUD.m in Sources */ = {isa = PBXBuildFile; fileRef = 6DF7F5841DCF52AA000F560A /* MBProgressHUD.m */; };
		6DF7F5871DCF52AA000F560A /* README.mdown in Sources */ = {isa = PBXBuildFile; fileRef = 6DF7F5851DCF52AA000F560A /* README.mdown */; };
		6DFFE6242193309E00AC0E6D /* HTTPTools.swift in Sources */ = {isa = PBXBuildFile; fileRef = 6D4BA4CE1DCEF64600172C16 /* HTTPTools.swift */; };
/* End PBXBuildFile section */

/* Begin PBXContainerItemProxy section */
		6DE000521A3474F200F9D2A5 /* PBXContainerItemProxy */ = {
			isa = PBXContainerItemProxy;
			containerPortal = 6DE000301A3474F200F9D2A5 /* Project object */;
			proxyType = 1;
			remoteGlobalIDString = 6DE000371A3474F200F9D2A5;
			remoteInfo = fullScreenBrowser;
		};
/* End PBXContainerItemProxy section */

/* Begin PBXFileReference section */
		3782A34C51AA22A06A3ABBE8 /* Pods-FullScreenBrowser.release.xcconfig */ = {isa = PBXFileReference; includeInIndex = 1; lastKnownFileType = text.xcconfig; name = "Pods-FullScreenBrowser.release.xcconfig"; path = "Pods/Target Support Files/Pods-FullScreenBrowser/Pods-FullScreenBrowser.release.xcconfig"; sourceTree = "<group>"; };
		6D20F943217ADC3F004A4ED1 /* libBaiduMobStat.a */ = {isa = PBXFileReference; lastKnownFileType = archive.ar; path = libBaiduMobStat.a; sourceTree = "<group>"; };
		6D20F944217ADC3F004A4ED1 /* BaiduMobStat.h */ = {isa = PBXFileReference; fileEncoding = 4; lastKnownFileType = sourcecode.c.h; path = BaiduMobStat.h; sourceTree = "<group>"; };
		6D20F946217ADE0C004A4ED1 /* Utility.m */ = {isa = PBXFileReference; fileEncoding = 4; lastKnownFileType = sourcecode.c.objc; path = Utility.m; sourceTree = "<group>"; };
		6D20F947217ADE0C004A4ED1 /* Utility.h */ = {isa = PBXFileReference; fileEncoding = 4; lastKnownFileType = sourcecode.c.h; path = Utility.h; sourceTree = "<group>"; };
		6D2FFBAF1DCE13BF007D1BF5 /* AppDelegate.h */ = {isa = PBXFileReference; fileEncoding = 4; lastKnownFileType = sourcecode.c.h; path = AppDelegate.h; sourceTree = "<group>"; };
		6D2FFBB01DCE13BF007D1BF5 /* AppDelegate.m */ = {isa = PBXFileReference; fileEncoding = 4; lastKnownFileType = sourcecode.c.objc; path = AppDelegate.m; sourceTree = "<group>"; };
		6D2FFBB61DCE13BF007D1BF5 /* FSBSetingViewController.h */ = {isa = PBXFileReference; fileEncoding = 4; lastKnownFileType = sourcecode.c.h; path = FSBSetingViewController.h; sourceTree = "<group>"; };
		6D2FFBB91DCE13BF007D1BF5 /* RootViewController.h */ = {isa = PBXFileReference; fileEncoding = 4; lastKnownFileType = sourcecode.c.h; path = RootViewController.h; sourceTree = "<group>"; };
		6D2FFBCF1DCE1534007D1BF5 /* FSB-Bridging-Header.h */ = {isa = PBXFileReference; lastKnownFileType = sourcecode.c.h; path = "FSB-Bridging-Header.h"; sourceTree = "<group>"; };
		6D2FFBD71DCE1601007D1BF5 /* JavaScriptCore.framework */ = {isa = PBXFileReference; lastKnownFileType = wrapper.framework; name = JavaScriptCore.framework; path = System/Library/Frameworks/JavaScriptCore.framework; sourceTree = SDKROOT; };
		6D2FFBD91DCE1610007D1BF5 /* Foundation.framework */ = {isa = PBXFileReference; lastKnownFileType = wrapper.framework; name = Foundation.framework; path = System/Library/Frameworks/Foundation.framework; sourceTree = SDKROOT; };
		6D2FFBDB1DCE1614007D1BF5 /* UIKit.framework */ = {isa = PBXFileReference; lastKnownFileType = wrapper.framework; name = UIKit.framework; path = System/Library/Frameworks/UIKit.framework; sourceTree = SDKROOT; };
		6D2FFBDD1DCE1620007D1BF5 /* CoreGraphics.framework */ = {isa = PBXFileReference; lastKnownFileType = wrapper.framework; name = CoreGraphics.framework; path = System/Library/Frameworks/CoreGraphics.framework; sourceTree = SDKROOT; };
		6D2FFBDF1DCE162B007D1BF5 /* CoreTelephony.framework */ = {isa = PBXFileReference; lastKnownFileType = wrapper.framework; name = CoreTelephony.framework; path = System/Library/Frameworks/CoreTelephony.framework; sourceTree = SDKROOT; };
		6D2FFBE11DCE1633007D1BF5 /* SystemConfiguration.framework */ = {isa = PBXFileReference; lastKnownFileType = wrapper.framework; name = SystemConfiguration.framework; path = System/Library/Frameworks/SystemConfiguration.framework; sourceTree = SDKROOT; };
		6D2FFBE31DCE163E007D1BF5 /* CoreLocation.framework */ = {isa = PBXFileReference; lastKnownFileType = wrapper.framework; name = CoreLocation.framework; path = System/Library/Frameworks/CoreLocation.framework; sourceTree = SDKROOT; };
		6D2FFBE51DCE164E007D1BF5 /* Security.framework */ = {isa = PBXFileReference; lastKnownFileType = wrapper.framework; name = Security.framework; path = System/Library/Frameworks/Security.framework; sourceTree = SDKROOT; };
		6D2FFBE71DCE1657007D1BF5 /* libz.1.2.5.tbd */ = {isa = PBXFileReference; lastKnownFileType = "sourcecode.text-based-dylib-definition"; name = libz.1.2.5.tbd; path = usr/lib/libz.1.2.5.tbd; sourceTree = SDKROOT; };
		6D2FFBE91DCE166C007D1BF5 /* libc++.tbd */ = {isa = PBXFileReference; lastKnownFileType = "sourcecode.text-based-dylib-definition"; name = "libc++.tbd"; path = "usr/lib/libc++.tbd"; sourceTree = SDKROOT; };
		6D2FFBEB1DCE1681007D1BF5 /* FSBAboutViewController.swift */ = {isa = PBXFileReference; fileEncoding = 4; lastKnownFileType = sourcecode.swift; path = FSBAboutViewController.swift; sourceTree = "<group>"; };
		6D2FFC111DCE18B8007D1BF5 /* BIcom406.png */ = {isa = PBXFileReference; lastKnownFileType = image.png; path = BIcom406.png; sourceTree = "<group>"; };
		6D2FFC121DCE18B8007D1BF5 /* fullBtn@2x.png */ = {isa = PBXFileReference; lastKnownFileType = image.png; path = "fullBtn@2x.png"; sourceTree = "<group>"; };
		6D2FFC131DCE18B8007D1BF5 /* fullBtn@3x.png */ = {isa = PBXFileReference; lastKnownFileType = image.png; path = "fullBtn@3x.png"; sourceTree = "<group>"; };
		6D2FFC141DCE18B8007D1BF5 /* goBack@2x.png */ = {isa = PBXFileReference; lastKnownFileType = image.png; path = "goBack@2x.png"; sourceTree = "<group>"; };
		6D2FFC151DCE18B8007D1BF5 /* goBack@3x.png */ = {isa = PBXFileReference; lastKnownFileType = image.png; path = "goBack@3x.png"; sourceTree = "<group>"; };
		6D2FFC161DCE18B8007D1BF5 /* goForward@2x.png */ = {isa = PBXFileReference; lastKnownFileType = image.png; path = "goForward@2x.png"; sourceTree = "<group>"; };
		6D2FFC171DCE18B8007D1BF5 /* goForward@3x.png */ = {isa = PBXFileReference; lastKnownFileType = image.png; path = "goForward@3x.png"; sourceTree = "<group>"; };
		6D2FFC181DCE18B8007D1BF5 /* home@2x.png */ = {isa = PBXFileReference; lastKnownFileType = image.png; path = "home@2x.png"; sourceTree = "<group>"; };
		6D2FFC191DCE18B8007D1BF5 /* home@3x.png */ = {isa = PBXFileReference; lastKnownFileType = image.png; path = "home@3x.png"; sourceTree = "<group>"; };
		6D2FFC1A1DCE18B8007D1BF5 /* reloading@2x.png */ = {isa = PBXFileReference; lastKnownFileType = image.png; path = "reloading@2x.png"; sourceTree = "<group>"; };
		6D2FFC1B1DCE18B8007D1BF5 /* reloading@3x.png */ = {isa = PBXFileReference; lastKnownFileType = image.png; path = "reloading@3x.png"; sourceTree = "<group>"; };
		6D2FFC1C1DCE18B8007D1BF5 /* search@2x.png */ = {isa = PBXFileReference; lastKnownFileType = image.png; path = "search@2x.png"; sourceTree = "<group>"; };
		6D2FFC1D1DCE18B8007D1BF5 /* search@3x.png */ = {isa = PBXFileReference; lastKnownFileType = image.png; path = "search@3x.png"; sourceTree = "<group>"; };
		6D2FFC1E1DCE18B8007D1BF5 /* setting@2x.png */ = {isa = PBXFileReference; lastKnownFileType = image.png; path = "setting@2x.png"; sourceTree = "<group>"; };
		6D2FFC1F1DCE18B8007D1BF5 /* setting@3x.png */ = {isa = PBXFileReference; lastKnownFileType = image.png; path = "setting@3x.png"; sourceTree = "<group>"; };
		6D2FFC201DCE18B8007D1BF5 /* stopLoading@2x.png */ = {isa = PBXFileReference; lastKnownFileType = image.png; path = "stopLoading@2x.png"; sourceTree = "<group>"; };
		6D2FFC211DCE18B8007D1BF5 /* stopLoading@3x.png */ = {isa = PBXFileReference; lastKnownFileType = image.png; path = "stopLoading@3x.png"; sourceTree = "<group>"; };
		6D33DD4A2604F70100003481 /* ITAdvancelDetailViewController.swift */ = {isa = PBXFileReference; fileEncoding = 4; lastKnownFileType = sourcecode.swift; path = ITAdvancelDetailViewController.swift; sourceTree = "<group>"; };
		6D33DD4E2604F72A00003481 /* iHTCboyApp.json */ = {isa = PBXFileReference; fileEncoding = 4; lastKnownFileType = text.json; path = iHTCboyApp.json; sourceTree = "<group>"; };
		6D33DD522604F81A00003481 /* TCAppConst.swift */ = {isa = PBXFileReference; fileEncoding = 4; lastKnownFileType = sourcecode.swift; path = TCAppConst.swift; sourceTree = "<group>"; };
		6D33DD562604F84500003481 /* TableHeaderView.swift */ = {isa = PBXFileReference; fileEncoding = 4; lastKnownFileType = sourcecode.swift; path = TableHeaderView.swift; sourceTree = "<group>"; };
		6D33DD572604F84600003481 /* TableHeaderView.xib */ = {isa = PBXFileReference; fileEncoding = 4; lastKnownFileType = file.xib; path = TableHeaderView.xib; sourceTree = "<group>"; };
		6D33DD5C2604F86400003481 /* IAppleServiceUtil.swift */ = {isa = PBXFileReference; fileEncoding = 4; lastKnownFileType = sourcecode.swift; path = IAppleServiceUtil.swift; sourceTree = "<group>"; };
		6D36419025FFB14A00230B0B /* TCUserDefaults.swift */ = {isa = PBXFileReference; fileEncoding = 4; lastKnownFileType = sourcecode.swift; path = TCUserDefaults.swift; sourceTree = "<group>"; };
		6D4BA4CE1DCEF64600172C16 /* HTTPTools.swift */ = {isa = PBXFileReference; fileEncoding = 4; lastKnownFileType = sourcecode.swift; path = HTTPTools.swift; sourceTree = "<group>"; };
		6D59363C2605B51F0066212A /* zh-Hans */ = {isa = PBXFileReference; lastKnownFileType = text.plist.strings; name = "zh-Hans"; path = "../FullScreenBrowser/zh-Hans.lproj/Main.strings"; sourceTree = "<group>"; };
		6D68B62A2605CE070014A986 /* zh-Hans */ = {isa = PBXFileReference; lastKnownFileType = text.plist.strings; name = "zh-Hans"; path = "zh-Hans.lproj/InfoPlist.strings"; sourceTree = "<group>"; };
		6D68B62F2605CE0D0014A986 /* zh-Hant */ = {isa = PBXFileReference; lastKnownFileType = text.plist.strings; name = "zh-Hant"; path = "zh-Hant.lproj/InfoPlist.strings"; sourceTree = "<group>"; };
		6D68B6302605CE0E0014A986 /* en */ = {isa = PBXFileReference; lastKnownFileType = text.plist.strings; name = en; path = en.lproj/InfoPlist.strings; sourceTree = "<group>"; };
		6D68B6312605CE0F0014A986 /* ko */ = {isa = PBXFileReference; lastKnownFileType = text.plist.strings; name = ko; path = ko.lproj/InfoPlist.strings; sourceTree = "<group>"; };
		6D68B6322605CE0F0014A986 /* ja */ = {isa = PBXFileReference; lastKnownFileType = text.plist.strings; name = ja; path = ja.lproj/InfoPlist.strings; sourceTree = "<group>"; };
		6D68B6332605D0670014A986 /* vi */ = {isa = PBXFileReference; lastKnownFileType = text.plist.strings; name = vi; path = vi.lproj/Main.strings; sourceTree = "<group>"; };
		6D68B6342605D0670014A986 /* vi */ = {isa = PBXFileReference; lastKnownFileType = text.plist.strings; name = vi; path = vi.lproj/LaunchScreen.strings; sourceTree = "<group>"; };
		6D68B6352605D0680014A986 /* vi */ = {isa = PBXFileReference; lastKnownFileType = text.plist.strings; name = vi; path = vi.lproj/InfoPlist.strings; sourceTree = "<group>"; };
		6D6FFF502605D340004A93AA /* zh-HK */ = {isa = PBXFileReference; lastKnownFileType = text.plist.strings; name = "zh-HK"; path = "zh-HK.lproj/InfoPlist.strings"; sourceTree = "<group>"; };
		6D83CB0E2605D266003DA3FE /* zh-HK */ = {isa = PBXFileReference; lastKnownFileType = text.plist.strings; name = "zh-HK"; path = "zh-HK.lproj/Main.strings"; sourceTree = "<group>"; };
		6D83CB0F2605D267003DA3FE /* zh-HK */ = {isa = PBXFileReference; lastKnownFileType = text.plist.strings; name = "zh-HK"; path = "zh-HK.lproj/LaunchScreen.strings"; sourceTree = "<group>"; };
		6D96D64D2605B5E000184B3D /* en */ = {isa = PBXFileReference; lastKnownFileType = text.plist.strings; name = en; path = ../FullScreenBrowser/en.lproj/Main.strings; sourceTree = "<group>"; };
		6D9BFF2B215961E800A0BABF /* README.md */ = {isa = PBXFileReference; fileEncoding = 4; lastKnownFileType = net.daringfireball.markdown; path = README.md; sourceTree = SOURCE_ROOT; };
		6D9BFF2C215961E800A0BABF /* LICENSE */ = {isa = PBXFileReference; fileEncoding = 4; lastKnownFileType = text; path = LICENSE; sourceTree = SOURCE_ROOT; };
		6DA5885F2605D91400C351C4 /* en */ = {isa = PBXFileReference; lastKnownFileType = text.plist.strings; name = en; path = en.lproj/Localizable.strings; sourceTree = "<group>"; };
		6DA588632605D91700C351C4 /* zh-Hant */ = {isa = PBXFileReference; lastKnownFileType = text.plist.strings; name = "zh-Hant"; path = "zh-Hant.lproj/Localizable.strings"; sourceTree = "<group>"; };
		6DA588642605D91800C351C4 /* zh-HK */ = {isa = PBXFileReference; lastKnownFileType = text.plist.strings; name = "zh-HK"; path = "zh-HK.lproj/Localizable.strings"; sourceTree = "<group>"; };
		6DA588652605D91900C351C4 /* zh-Hans */ = {isa = PBXFileReference; lastKnownFileType = text.plist.strings; name = "zh-Hans"; path = "zh-Hans.lproj/Localizable.strings"; sourceTree = "<group>"; };
		6DA588662605D91A00C351C4 /* ja */ = {isa = PBXFileReference; lastKnownFileType = text.plist.strings; name = ja; path = ja.lproj/Localizable.strings; sourceTree = "<group>"; };
		6DA588672605D91B00C351C4 /* vi */ = {isa = PBXFileReference; lastKnownFileType = text.plist.strings; name = vi; path = vi.lproj/Localizable.strings; sourceTree = "<group>"; };
		6DA588682605D91C00C351C4 /* ko */ = {isa = PBXFileReference; lastKnownFileType = text.plist.strings; name = ko; path = ko.lproj/Localizable.strings; sourceTree = "<group>"; };
		6DA951D01DEDD0EE00EC27BC /* FSBSetingViewController.m */ = {isa = PBXFileReference; fileEncoding = 4; lastKnownFileType = sourcecode.c.objc; path = FSBSetingViewController.m; sourceTree = "<group>"; };
		6DA951D11DEDD0EE00EC27BC /* RootViewController.m */ = {isa = PBXFileReference; fileEncoding = 4; lastKnownFileType = sourcecode.c.objc; path = RootViewController.m; sourceTree = "<group>"; };
		6DC568622605B45E006F1126 /* en */ = {isa = PBXFileReference; lastKnownFileType = text.plist.strings; name = en; path = en.lproj/LaunchScreen.strings; sourceTree = "<group>"; };
		6DC568632605B466006F1126 /* zh-Hant */ = {isa = PBXFileReference; lastKnownFileType = text.plist.strings; name = "zh-Hant"; path = "zh-Hant.lproj/Main.strings"; sourceTree = "<group>"; };
		6DC568642605B466006F1126 /* zh-Hant */ = {isa = PBXFileReference; lastKnownFileType = text.plist.strings; name = "zh-Hant"; path = "zh-Hant.lproj/LaunchScreen.strings"; sourceTree = "<group>"; };
		6DC568672605B472006F1126 /* ja */ = {isa = PBXFileReference; lastKnownFileType = text.plist.strings; name = ja; path = ja.lproj/Main.strings; sourceTree = "<group>"; };
		6DC568682605B473006F1126 /* ja */ = {isa = PBXFileReference; lastKnownFileType = text.plist.strings; name = ja; path = ja.lproj/LaunchScreen.strings; sourceTree = "<group>"; };
		6DC568692605B479006F1126 /* ko */ = {isa = PBXFileReference; lastKnownFileType = text.plist.strings; name = ko; path = ko.lproj/Main.strings; sourceTree = "<group>"; };
		6DC5686A2605B479006F1126 /* ko */ = {isa = PBXFileReference; lastKnownFileType = text.plist.strings; name = ko; path = ko.lproj/LaunchScreen.strings; sourceTree = "<group>"; };
		6DE000381A3474F200F9D2A5 /* 全屏浏览器.app */ = {isa = PBXFileReference; explicitFileType = wrapper.application; includeInIndex = 0; path = "全屏浏览器.app"; sourceTree = BUILT_PRODUCTS_DIR; };
		6DE0003C1A3474F200F9D2A5 /* Info.plist */ = {isa = PBXFileReference; lastKnownFileType = text.plist.xml; path = Info.plist; sourceTree = "<group>"; };
		6DE0003D1A3474F200F9D2A5 /* main.m */ = {isa = PBXFileReference; lastKnownFileType = sourcecode.c.objc; path = main.m; sourceTree = "<group>"; };
		6DE000461A3474F200F9D2A5 /* Base */ = {isa = PBXFileReference; lastKnownFileType = file.storyboard; name = Base; path = Base.lproj/Main.storyboard; sourceTree = "<group>"; };
		6DE000481A3474F200F9D2A5 /* Images.xcassets */ = {isa = PBXFileReference; lastKnownFileType = folder.assetcatalog; name = Images.xcassets; path = ../FullScreenBrowser/Images.xcassets; sourceTree = "<group>"; };
		6DE0004B1A3474F200F9D2A5 /* Base */ = {isa = PBXFileReference; lastKnownFileType = file.xib; name = Base; path = Base.lproj/LaunchScreen.xib; sourceTree = "<group>"; };
		6DE000511A3474F200F9D2A5 /* fullScreenBrowserTests.xctest */ = {isa = PBXFileReference; explicitFileType = wrapper.cfbundle; includeInIndex = 0; path = fullScreenBrowserTests.xctest; sourceTree = BUILT_PRODUCTS_DIR; };
		6DE000621A34756F00F9D2A5 /* zh-Hans */ = {isa = PBXFileReference; lastKnownFileType = text.plist.strings; name = "zh-Hans"; path = "zh-Hans.lproj/LaunchScreen.strings"; sourceTree = "<group>"; };
		6DF7F5671DCF50A9000F560A /* MWCaptionView.h */ = {isa = PBXFileReference; fileEncoding = 4; lastKnownFileType = sourcecode.c.h; path = MWCaptionView.h; sourceTree = "<group>"; };
		6DF7F5681DCF50A9000F560A /* MWCaptionView.m */ = {isa = PBXFileReference; fileEncoding = 4; lastKnownFileType = sourcecode.c.objc; path = MWCaptionView.m; sourceTree = "<group>"; };
		6DF7F5691DCF50A9000F560A /* MWCommon.h */ = {isa = PBXFileReference; fileEncoding = 4; lastKnownFileType = sourcecode.c.h; path = MWCommon.h; sourceTree = "<group>"; };
		6DF7F56A1DCF50A9000F560A /* MWPhoto.h */ = {isa = PBXFileReference; fileEncoding = 4; lastKnownFileType = sourcecode.c.h; path = MWPhoto.h; sourceTree = "<group>"; };
		6DF7F56B1DCF50A9000F560A /* MWPhoto.m */ = {isa = PBXFileReference; fileEncoding = 4; lastKnownFileType = sourcecode.c.objc; path = MWPhoto.m; sourceTree = "<group>"; };
		6DF7F56C1DCF50A9000F560A /* MWPhotoBrowser.bundle */ = {isa = PBXFileReference; lastKnownFileType = "wrapper.plug-in"; path = MWPhotoBrowser.bundle; sourceTree = "<group>"; };
		6DF7F56D1DCF50A9000F560A /* MWPhotoBrowser.h */ = {isa = PBXFileReference; fileEncoding = 4; lastKnownFileType = sourcecode.c.h; path = MWPhotoBrowser.h; sourceTree = "<group>"; };
		6DF7F56E1DCF50A9000F560A /* MWPhotoBrowser.m */ = {isa = PBXFileReference; fileEncoding = 4; lastKnownFileType = sourcecode.c.objc; path = MWPhotoBrowser.m; sourceTree = "<group>"; };
		6DF7F56F1DCF50A9000F560A /* MWPhotoBrowserPrivate.h */ = {isa = PBXFileReference; fileEncoding = 4; lastKnownFileType = sourcecode.c.h; path = MWPhotoBrowserPrivate.h; sourceTree = "<group>"; };
		6DF7F5701DCF50A9000F560A /* MWPhotoProtocol.h */ = {isa = PBXFileReference; fileEncoding = 4; lastKnownFileType = sourcecode.c.h; path = MWPhotoProtocol.h; sourceTree = "<group>"; };
		6DF7F5711DCF50A9000F560A /* MWTapDetectingImageView.h */ = {isa = PBXFileReference; fileEncoding = 4; lastKnownFileType = sourcecode.c.h; path = MWTapDetectingImageView.h; sourceTree = "<group>"; };
		6DF7F5721DCF50A9000F560A /* MWTapDetectingImageView.m */ = {isa = PBXFileReference; fileEncoding = 4; lastKnownFileType = sourcecode.c.objc; path = MWTapDetectingImageView.m; sourceTree = "<group>"; };
		6DF7F5731DCF50A9000F560A /* MWTapDetectingView.h */ = {isa = PBXFileReference; fileEncoding = 4; lastKnownFileType = sourcecode.c.h; path = MWTapDetectingView.h; sourceTree = "<group>"; };
		6DF7F5741DCF50A9000F560A /* MWTapDetectingView.m */ = {isa = PBXFileReference; fileEncoding = 4; lastKnownFileType = sourcecode.c.objc; path = MWTapDetectingView.m; sourceTree = "<group>"; };
		6DF7F5751DCF50A9000F560A /* MWZoomingScrollView.h */ = {isa = PBXFileReference; fileEncoding = 4; lastKnownFileType = sourcecode.c.h; path = MWZoomingScrollView.h; sourceTree = "<group>"; };
		6DF7F5761DCF50A9000F560A /* MWZoomingScrollView.m */ = {isa = PBXFileReference; fileEncoding = 4; lastKnownFileType = sourcecode.c.objc; path = MWZoomingScrollView.m; sourceTree = "<group>"; };
		6DF7F57F1DCF51FE000F560A /* DACircularProgressView.h */ = {isa = PBXFileReference; fileEncoding = 4; lastKnownFileType = sourcecode.c.h; path = DACircularProgressView.h; sourceTree = "<group>"; };
		6DF7F5801DCF51FE000F560A /* DACircularProgressView.m */ = {isa = PBXFileReference; fileEncoding = 4; lastKnownFileType = sourcecode.c.objc; path = DACircularProgressView.m; sourceTree = "<group>"; };
		6DF7F5831DCF52AA000F560A /* MBProgressHUD.h */ = {isa = PBXFileReference; fileEncoding = 4; lastKnownFileType = sourcecode.c.h; path = MBProgressHUD.h; sourceTree = "<group>"; };
		6DF7F5841DCF52AA000F560A /* MBProgressHUD.m */ = {isa = PBXFileReference; fileEncoding = 4; lastKnownFileType = sourcecode.c.objc; path = MBProgressHUD.m; sourceTree = "<group>"; };
		6DF7F5851DCF52AA000F560A /* README.mdown */ = {isa = PBXFileReference; fileEncoding = 4; lastKnownFileType = net.daringfireball.markdown; path = README.mdown; sourceTree = "<group>"; };
		BB4D2FE3C8AB5596249E254B /* libPods-FullScreenBrowser.a */ = {isa = PBXFileReference; explicitFileType = archive.ar; includeInIndex = 0; path = "libPods-FullScreenBrowser.a"; sourceTree = BUILT_PRODUCTS_DIR; };
		D6FA5A19DE06A80A414498F7 /* Pods-FullScreenBrowser.debug.xcconfig */ = {isa = PBXFileReference; includeInIndex = 1; lastKnownFileType = text.xcconfig; name = "Pods-FullScreenBrowser.debug.xcconfig"; path = "Pods/Target Support Files/Pods-FullScreenBrowser/Pods-FullScreenBrowser.debug.xcconfig"; sourceTree = "<group>"; };
/* End PBXFileReference section */

/* Begin PBXFrameworksBuildPhase section */
		6DE000351A3474F200F9D2A5 /* Frameworks */ = {
			isa = PBXFrameworksBuildPhase;
			buildActionMask = 2147483647;
			files = (
				6D2FFBEA1DCE166C007D1BF5 /* libc++.tbd in Frameworks */,
				6D2FFBE81DCE1657007D1BF5 /* libz.1.2.5.tbd in Frameworks */,
				6D2FFBE61DCE164E007D1BF5 /* Security.framework in Frameworks */,
				6D2FFBE41DCE163E007D1BF5 /* CoreLocation.framework in Frameworks */,
				6D2FFBE21DCE1633007D1BF5 /* SystemConfiguration.framework in Frameworks */,
				6D2FFBE01DCE162B007D1BF5 /* CoreTelephony.framework in Frameworks */,
				6D2FFBDE1DCE1620007D1BF5 /* CoreGraphics.framework in Frameworks */,
				6D2FFBDC1DCE1614007D1BF5 /* UIKit.framework in Frameworks */,
				6D2FFBDA1DCE1610007D1BF5 /* Foundation.framework in Frameworks */,
				6D2FFBD81DCE1601007D1BF5 /* JavaScriptCore.framework in Frameworks */,
				6D20F945217ADC40004A4ED1 /* libBaiduMobStat.a in Frameworks */,
				52B2B7F237282B4C0A77C7B8 /* libPods-FullScreenBrowser.a in Frameworks */,
			);
			runOnlyForDeploymentPostprocessing = 0;
		};
		6DE0004E1A3474F200F9D2A5 /* Frameworks */ = {
			isa = PBXFrameworksBuildPhase;
			buildActionMask = 2147483647;
			files = (
			);
			runOnlyForDeploymentPostprocessing = 0;
		};
/* End PBXFrameworksBuildPhase section */

/* Begin PBXGroup section */
		6D20F942217ADC3F004A4ED1 /* BaiduMTJ_iOS_App_V4.5.0 */ = {
			isa = PBXGroup;
			children = (
				6D20F943217ADC3F004A4ED1 /* libBaiduMobStat.a */,
				6D20F944217ADC3F004A4ED1 /* BaiduMobStat.h */,
			);
			path = BaiduMTJ_iOS_App_V4.5.0;
			sourceTree = "<group>";
		};
		6D2FFBAE1DCE13BF007D1BF5 /* Class */ = {
			isa = PBXGroup;
			children = (
				6D2FFBAF1DCE13BF007D1BF5 /* AppDelegate.h */,
				6D2FFBB01DCE13BF007D1BF5 /* AppDelegate.m */,
				6D2FFBB91DCE13BF007D1BF5 /* RootViewController.h */,
				6DA951D11DEDD0EE00EC27BC /* RootViewController.m */,
				6D2FFBB61DCE13BF007D1BF5 /* FSBSetingViewController.h */,
				6DA951D01DEDD0EE00EC27BC /* FSBSetingViewController.m */,
				6D2FFBEB1DCE1681007D1BF5 /* FSBAboutViewController.swift */,
				6D36419025FFB14A00230B0B /* TCUserDefaults.swift */,
				6D33DD4A2604F70100003481 /* ITAdvancelDetailViewController.swift */,
				6D33DD522604F81A00003481 /* TCAppConst.swift */,
				6D33DD562604F84500003481 /* TableHeaderView.swift */,
				6D33DD572604F84600003481 /* TableHeaderView.xib */,
				6D33DD5C2604F86400003481 /* IAppleServiceUtil.swift */,
				6D2FFBBD1DCE13BF007D1BF5 /* Vendors */,
				6D4BA4CD1DCEF62B00172C16 /* Tools */,
				6D2FFBCF1DCE1534007D1BF5 /* FSB-Bridging-Header.h */,
			);
			name = Class;
			path = FullScreenBrowser/Class;
			sourceTree = SOURCE_ROOT;
		};
		6D2FFBBD1DCE13BF007D1BF5 /* Vendors */ = {
			isa = PBXGroup;
			children = (
				6D20F942217ADC3F004A4ED1 /* BaiduMTJ_iOS_App_V4.5.0 */,
				6DF7F5821DCF52AA000F560A /* MBProgressHUD */,
				6DF7F57E1DCF51FE000F560A /* DACircularProgress */,
				6DF7F5661DCF50A9000F560A /* MWPhotoBrowser */,
			);
			path = Vendors;
			sourceTree = "<group>";
		};
		6D2FFBD61DCE1601007D1BF5 /* Frameworks */ = {
			isa = PBXGroup;
			children = (
				6D2FFBE91DCE166C007D1BF5 /* libc++.tbd */,
				6D2FFBE71DCE1657007D1BF5 /* libz.1.2.5.tbd */,
				6D2FFBE51DCE164E007D1BF5 /* Security.framework */,
				6D2FFBE31DCE163E007D1BF5 /* CoreLocation.framework */,
				6D2FFBE11DCE1633007D1BF5 /* SystemConfiguration.framework */,
				6D2FFBDF1DCE162B007D1BF5 /* CoreTelephony.framework */,
				6D2FFBDD1DCE1620007D1BF5 /* CoreGraphics.framework */,
				6D2FFBDB1DCE1614007D1BF5 /* UIKit.framework */,
				6D2FFBD91DCE1610007D1BF5 /* Foundation.framework */,
				6D2FFBD71DCE1601007D1BF5 /* JavaScriptCore.framework */,
				BB4D2FE3C8AB5596249E254B /* libPods-FullScreenBrowser.a */,
			);
			name = Frameworks;
			sourceTree = "<group>";
		};
		6D2FFC101DCE18B8007D1BF5 /* Images */ = {
			isa = PBXGroup;
			children = (
				6D2FFC111DCE18B8007D1BF5 /* BIcom406.png */,
				6D2FFC121DCE18B8007D1BF5 /* fullBtn@2x.png */,
				6D2FFC131DCE18B8007D1BF5 /* fullBtn@3x.png */,
				6D2FFC141DCE18B8007D1BF5 /* goBack@2x.png */,
				6D2FFC151DCE18B8007D1BF5 /* goBack@3x.png */,
				6D2FFC161DCE18B8007D1BF5 /* goForward@2x.png */,
				6D2FFC171DCE18B8007D1BF5 /* goForward@3x.png */,
				6D2FFC181DCE18B8007D1BF5 /* home@2x.png */,
				6D2FFC191DCE18B8007D1BF5 /* home@3x.png */,
				6D2FFC1A1DCE18B8007D1BF5 /* reloading@2x.png */,
				6D2FFC1B1DCE18B8007D1BF5 /* reloading@3x.png */,
				6D2FFC1C1DCE18B8007D1BF5 /* search@2x.png */,
				6D2FFC1D1DCE18B8007D1BF5 /* search@3x.png */,
				6D2FFC1E1DCE18B8007D1BF5 /* setting@2x.png */,
				6D2FFC1F1DCE18B8007D1BF5 /* setting@3x.png */,
				6D2FFC201DCE18B8007D1BF5 /* stopLoading@2x.png */,
				6D2FFC211DCE18B8007D1BF5 /* stopLoading@3x.png */,
			);
			name = Images;
			path = FullScreenBrowser/Images;
			sourceTree = SOURCE_ROOT;
		};
		6D4BA4CD1DCEF62B00172C16 /* Tools */ = {
			isa = PBXGroup;
			children = (
				6D20F947217ADE0C004A4ED1 /* Utility.h */,
				6D20F946217ADE0C004A4ED1 /* Utility.m */,
				6D4BA4CE1DCEF64600172C16 /* HTTPTools.swift */,
			);
			path = Tools;
			sourceTree = "<group>";
		};
		6DE0002F1A3474F200F9D2A5 = {
			isa = PBXGroup;
			children = (
				6DE0003A1A3474F200F9D2A5 /* FullScreenBrowser */,
				6DE000391A3474F200F9D2A5 /* Products */,
				6D2FFBD61DCE1601007D1BF5 /* Frameworks */,
				C0E782D5D475338521B76341 /* Pods */,
			);
			sourceTree = "<group>";
		};
		6DE000391A3474F200F9D2A5 /* Products */ = {
			isa = PBXGroup;
			children = (
				6DE000381A3474F200F9D2A5 /* 全屏浏览器.app */,
				6DE000511A3474F200F9D2A5 /* fullScreenBrowserTests.xctest */,
			);
			name = Products;
			sourceTree = "<group>";
		};
		6DE0003A1A3474F200F9D2A5 /* FullScreenBrowser */ = {
			isa = PBXGroup;
			children = (
				6D2FFBAE1DCE13BF007D1BF5 /* Class */,
				6DE000451A3474F200F9D2A5 /* Main.storyboard */,
				6DE000481A3474F200F9D2A5 /* Images.xcassets */,
				6D33DD4E2604F72A00003481 /* iHTCboyApp.json */,
				6D2FFC101DCE18B8007D1BF5 /* Images */,
				6DE0004A1A3474F200F9D2A5 /* LaunchScreen.xib */,
				6DE0003B1A3474F200F9D2A5 /* Supporting Files */,
			);
			name = FullScreenBrowser;
			path = fullScreenBrowser;
			sourceTree = "<group>";
		};
		6DE0003B1A3474F200F9D2A5 /* Supporting Files */ = {
			isa = PBXGroup;
			children = (
				6D9BFF2C215961E800A0BABF /* LICENSE */,
				6D9BFF2B215961E800A0BABF /* README.md */,
				6DE0003C1A3474F200F9D2A5 /* Info.plist */,
				6D68B62B2605CE070014A986 /* InfoPlist.strings */,
				6DE0003D1A3474F200F9D2A5 /* main.m */,
				6DA588602605D91400C351C4 /* Localizable.strings */,
			);
			name = "Supporting Files";
			sourceTree = "<group>";
		};
		6DF7F5661DCF50A9000F560A /* MWPhotoBrowser */ = {
			isa = PBXGroup;
			children = (
				6DF7F5671DCF50A9000F560A /* MWCaptionView.h */,
				6DF7F5681DCF50A9000F560A /* MWCaptionView.m */,
				6DF7F5691DCF50A9000F560A /* MWCommon.h */,
				6DF7F56A1DCF50A9000F560A /* MWPhoto.h */,
				6DF7F56B1DCF50A9000F560A /* MWPhoto.m */,
				6DF7F56C1DCF50A9000F560A /* MWPhotoBrowser.bundle */,
				6DF7F56D1DCF50A9000F560A /* MWPhotoBrowser.h */,
				6DF7F56E1DCF50A9000F560A /* MWPhotoBrowser.m */,
				6DF7F56F1DCF50A9000F560A /* MWPhotoBrowserPrivate.h */,
				6DF7F5701DCF50A9000F560A /* MWPhotoProtocol.h */,
				6DF7F5711DCF50A9000F560A /* MWTapDetectingImageView.h */,
				6DF7F5721DCF50A9000F560A /* MWTapDetectingImageView.m */,
				6DF7F5731DCF50A9000F560A /* MWTapDetectingView.h */,
				6DF7F5741DCF50A9000F560A /* MWTapDetectingView.m */,
				6DF7F5751DCF50A9000F560A /* MWZoomingScrollView.h */,
				6DF7F5761DCF50A9000F560A /* MWZoomingScrollView.m */,
			);
			path = MWPhotoBrowser;
			sourceTree = "<group>";
		};
		6DF7F57E1DCF51FE000F560A /* DACircularProgress */ = {
			isa = PBXGroup;
			children = (
				6DF7F57F1DCF51FE000F560A /* DACircularProgressView.h */,
				6DF7F5801DCF51FE000F560A /* DACircularProgressView.m */,
			);
			path = DACircularProgress;
			sourceTree = "<group>";
		};
		6DF7F5821DCF52AA000F560A /* MBProgressHUD */ = {
			isa = PBXGroup;
			children = (
				6DF7F5831DCF52AA000F560A /* MBProgressHUD.h */,
				6DF7F5841DCF52AA000F560A /* MBProgressHUD.m */,
				6DF7F5851DCF52AA000F560A /* README.mdown */,
			);
			path = MBProgressHUD;
			sourceTree = "<group>";
		};
		C0E782D5D475338521B76341 /* Pods */ = {
			isa = PBXGroup;
			children = (
				D6FA5A19DE06A80A414498F7 /* Pods-FullScreenBrowser.debug.xcconfig */,
				3782A34C51AA22A06A3ABBE8 /* Pods-FullScreenBrowser.release.xcconfig */,
			);
			name = Pods;
			sourceTree = "<group>";
		};
/* End PBXGroup section */

/* Begin PBXNativeTarget section */
		6DE000371A3474F200F9D2A5 /* FullScreenBrowser */ = {
			isa = PBXNativeTarget;
			buildConfigurationList = 6DE0005B1A3474F200F9D2A5 /* Build configuration list for PBXNativeTarget "FullScreenBrowser" */;
			buildPhases = (
				21C8D84497B5AE904BD729A6 /* [CP] Check Pods Manifest.lock */,
				6DE000341A3474F200F9D2A5 /* Sources */,
				6DE000351A3474F200F9D2A5 /* Frameworks */,
				6DE000361A3474F200F9D2A5 /* Resources */,
				41C67419A893D8C3D7641DF9 /* [CP] Embed Pods Frameworks */,
				415A17DD3C71B3640E856DFA /* [CP] Copy Pods Resources */,
			);
			buildRules = (
			);
			dependencies = (
			);
			name = FullScreenBrowser;
			productName = fullScreenBrowser;
			productReference = 6DE000381A3474F200F9D2A5 /* 全屏浏览器.app */;
			productType = "com.apple.product-type.application";
		};
		6DE000501A3474F200F9D2A5 /* fullScreenBrowserTests */ = {
			isa = PBXNativeTarget;
			buildConfigurationList = 6DE0005E1A3474F200F9D2A5 /* Build configuration list for PBXNativeTarget "fullScreenBrowserTests" */;
			buildPhases = (
				6DE0004D1A3474F200F9D2A5 /* Sources */,
				6DE0004E1A3474F200F9D2A5 /* Frameworks */,
				6DE0004F1A3474F200F9D2A5 /* Resources */,
			);
			buildRules = (
			);
			dependencies = (
				6DE000531A3474F200F9D2A5 /* PBXTargetDependency */,
			);
			name = fullScreenBrowserTests;
			productName = fullScreenBrowserTests;
			productReference = 6DE000511A3474F200F9D2A5 /* fullScreenBrowserTests.xctest */;
			productType = "com.apple.product-type.bundle.unit-test";
		};
/* End PBXNativeTarget section */

/* Begin PBXProject section */
		6DE000301A3474F200F9D2A5 /* Project object */ = {
			isa = PBXProject;
			attributes = {
				LastUpgradeCheck = 0610;
				ORGANIZATIONNAME = iHTCboy;
				TargetAttributes = {
					6DE000371A3474F200F9D2A5 = {
						CreatedOnToolsVersion = 6.1.1;
						DevelopmentTeam = 28PV6G96R7;
						LastSwiftMigration = 0810;
					};
					6DE000501A3474F200F9D2A5 = {
						CreatedOnToolsVersion = 6.1.1;
						DevelopmentTeam = 28PV6G96R7;
						TestTargetID = 6DE000371A3474F200F9D2A5;
					};
				};
			};
			buildConfigurationList = 6DE000331A3474F200F9D2A5 /* Build configuration list for PBXProject "FullScreenBrowser" */;
			compatibilityVersion = "Xcode 3.2";
			developmentRegion = Base;
			hasScannedForEncodings = 0;
			knownRegions = (
				Base,
				"zh-Hans",
				"zh-Hant",
				en,
				ja,
				ko,
				vi,
				"zh-HK",
			);
			mainGroup = 6DE0002F1A3474F200F9D2A5;
			productRefGroup = 6DE000391A3474F200F9D2A5 /* Products */;
			projectDirPath = "";
			projectRoot = "";
			targets = (
				6DE000371A3474F200F9D2A5 /* FullScreenBrowser */,
				6DE000501A3474F200F9D2A5 /* fullScreenBrowserTests */,
			);
		};
/* End PBXProject section */

/* Begin PBXResourcesBuildPhase section */
		6DE000361A3474F200F9D2A5 /* Resources */ = {
			isa = PBXResourcesBuildPhase;
			buildActionMask = 2147483647;
			files = (
				6D2FFC301DCE18B8007D1BF5 /* setting@3x.png in Resources */,
				6D68B6292605CE070014A986 /* InfoPlist.strings in Resources */,
				6DE000471A3474F200F9D2A5 /* Main.storyboard in Resources */,
				6D2FFC2E1DCE18B8007D1BF5 /* search@3x.png in Resources */,
				6D2FFC281DCE18B8007D1BF5 /* goForward@3x.png in Resources */,
				6D2FFC2A1DCE18B8007D1BF5 /* home@3x.png in Resources */,
				6D33DD592604F84600003481 /* TableHeaderView.xib in Resources */,
				6D2FFC2D1DCE18B8007D1BF5 /* search@2x.png in Resources */,
				6D2FFC271DCE18B8007D1BF5 /* goForward@2x.png in Resources */,
				6DE0004C1A3474F200F9D2A5 /* LaunchScreen.xib in Resources */,
				6DA5885E2605D91400C351C4 /* Localizable.strings in Resources */,
				6D2FFC2B1DCE18B8007D1BF5 /* reloading@2x.png in Resources */,
				6D2FFC261DCE18B8007D1BF5 /* goBack@3x.png in Resources */,
				6D2FFC2C1DCE18B8007D1BF5 /* reloading@3x.png in Resources */,
				6D2FFC231DCE18B8007D1BF5 /* fullBtn@2x.png in Resources */,
				6D2FFC241DCE18B8007D1BF5 /* fullBtn@3x.png in Resources */,
				6D2FFC311DCE18B8007D1BF5 /* stopLoading@2x.png in Resources */,
				6D2FFC2F1DCE18B8007D1BF5 /* setting@2x.png in Resources */,
				6D2FFC251DCE18B8007D1BF5 /* goBack@2x.png in Resources */,
				6DF7F5791DCF50A9000F560A /* MWPhotoBrowser.bundle in Resources */,
				6D2FFC321DCE18B8007D1BF5 /* stopLoading@3x.png in Resources */,
				6DE000491A3474F200F9D2A5 /* Images.xcassets in Resources */,
				6D2FFC221DCE18B8007D1BF5 /* BIcom406.png in Resources */,
				6D33DD4F2604F72A00003481 /* iHTCboyApp.json in Resources */,
				6D2FFC291DCE18B8007D1BF5 /* home@2x.png in Resources */,
			);
			runOnlyForDeploymentPostprocessing = 0;
		};
		6DE0004F1A3474F200F9D2A5 /* Resources */ = {
			isa = PBXResourcesBuildPhase;
			buildActionMask = 2147483647;
			files = (
			);
			runOnlyForDeploymentPostprocessing = 0;
		};
/* End PBXResourcesBuildPhase section */

/* Begin PBXShellScriptBuildPhase section */
		21C8D84497B5AE904BD729A6 /* [CP] Check Pods Manifest.lock */ = {
			isa = PBXShellScriptBuildPhase;
			buildActionMask = 2147483647;
			files = (
			);
			inputPaths = (
			);
			name = "[CP] Check Pods Manifest.lock";
			outputPaths = (
			);
			runOnlyForDeploymentPostprocessing = 0;
			shellPath = /bin/sh;
			shellScript = "diff \"${PODS_ROOT}/../Podfile.lock\" \"${PODS_ROOT}/Manifest.lock\" > /dev/null\nif [[ $? != 0 ]] ; then\n    cat << EOM\nerror: The sandbox is not in sync with the Podfile.lock. Run 'pod install' or update your CocoaPods installation.\nEOM\n    exit 1\nfi\n";
			showEnvVarsInLog = 0;
		};
		415A17DD3C71B3640E856DFA /* [CP] Copy Pods Resources */ = {
			isa = PBXShellScriptBuildPhase;
			buildActionMask = 2147483647;
			files = (
			);
			inputPaths = (
			);
			name = "[CP] Copy Pods Resources";
			outputPaths = (
			);
			runOnlyForDeploymentPostprocessing = 0;
			shellPath = /bin/sh;
			shellScript = "\"${SRCROOT}/Pods/Target Support Files/Pods-FullScreenBrowser/Pods-FullScreenBrowser-resources.sh\"\n";
			showEnvVarsInLog = 0;
		};
		41C67419A893D8C3D7641DF9 /* [CP] Embed Pods Frameworks */ = {
			isa = PBXShellScriptBuildPhase;
			buildActionMask = 2147483647;
			files = (
			);
			inputPaths = (
			);
			name = "[CP] Embed Pods Frameworks";
			outputPaths = (
			);
			runOnlyForDeploymentPostprocessing = 0;
			shellPath = /bin/sh;
			shellScript = "\"${SRCROOT}/Pods/Target Support Files/Pods-FullScreenBrowser/Pods-FullScreenBrowser-frameworks.sh\"\n";
			showEnvVarsInLog = 0;
		};
/* End PBXShellScriptBuildPhase section */

/* Begin PBXSourcesBuildPhase section */
		6DE000341A3474F200F9D2A5 /* Sources */ = {
			isa = PBXSourcesBuildPhase;
			buildActionMask = 2147483647;
			files = (
				6D33DD582604F84600003481 /* TableHeaderView.swift in Sources */,
				6DF7F57B1DCF50A9000F560A /* MWTapDetectingImageView.m in Sources */,
				6D33DD532604F81A00003481 /* TCAppConst.swift in Sources */,
				6DF7F57D1DCF50A9000F560A /* MWZoomingScrollView.m in Sources */,
				6DF7F5781DCF50A9000F560A /* MWPhoto.m in Sources */,
				6DF7F5861DCF52AA000F560A /* MBProgressHUD.m in Sources */,
				6DA951D21DEDD0EE00EC27BC /* FSBSetingViewController.m in Sources */,
				6D20F948217ADE0C004A4ED1 /* Utility.m in Sources */,
				6DF7F5871DCF52AA000F560A /* README.mdown in Sources */,
				6D2FFBEC1DCE1681007D1BF5 /* FSBAboutViewController.swift in Sources */,
				6D33DD5D2604F86400003481 /* IAppleServiceUtil.swift in Sources */,
				6D2FFBC41DCE13BF007D1BF5 /* AppDelegate.m in Sources */,
				6DFFE6242193309E00AC0E6D /* HTTPTools.swift in Sources */,
				6D33DD4B2604F70100003481 /* ITAdvancelDetailViewController.swift in Sources */,
				6DF7F57C1DCF50A9000F560A /* MWTapDetectingView.m in Sources */,
				6D36419125FFB14A00230B0B /* TCUserDefaults.swift in Sources */,
				6DF7F57A1DCF50A9000F560A /* MWPhotoBrowser.m in Sources */,
				6DA951D31DEDD0EE00EC27BC /* RootViewController.m in Sources */,
				6DF7F5811DCF51FE000F560A /* DACircularProgressView.m in Sources */,
				6DE0003E1A3474F200F9D2A5 /* main.m in Sources */,
				6DF7F5771DCF50A9000F560A /* MWCaptionView.m in Sources */,
			);
			runOnlyForDeploymentPostprocessing = 0;
		};
		6DE0004D1A3474F200F9D2A5 /* Sources */ = {
			isa = PBXSourcesBuildPhase;
			buildActionMask = 2147483647;
			files = (
			);
			runOnlyForDeploymentPostprocessing = 0;
		};
/* End PBXSourcesBuildPhase section */

/* Begin PBXTargetDependency section */
		6DE000531A3474F200F9D2A5 /* PBXTargetDependency */ = {
			isa = PBXTargetDependency;
			target = 6DE000371A3474F200F9D2A5 /* FullScreenBrowser */;
			targetProxy = 6DE000521A3474F200F9D2A5 /* PBXContainerItemProxy */;
		};
/* End PBXTargetDependency section */

/* Begin PBXVariantGroup section */
		6D68B62B2605CE070014A986 /* InfoPlist.strings */ = {
			isa = PBXVariantGroup;
			children = (
				6D68B62A2605CE070014A986 /* zh-Hans */,
				6D68B62F2605CE0D0014A986 /* zh-Hant */,
				6D68B6302605CE0E0014A986 /* en */,
				6D68B6312605CE0F0014A986 /* ko */,
				6D68B6322605CE0F0014A986 /* ja */,
				6D68B6352605D0680014A986 /* vi */,
				6D6FFF502605D340004A93AA /* zh-HK */,
			);
			name = InfoPlist.strings;
			path = FullScreenBrowser;
			sourceTree = SOURCE_ROOT;
		};
		6DA588602605D91400C351C4 /* Localizable.strings */ = {
			isa = PBXVariantGroup;
			children = (
				6DA5885F2605D91400C351C4 /* en */,
				6DA588632605D91700C351C4 /* zh-Hant */,
				6DA588642605D91800C351C4 /* zh-HK */,
				6DA588652605D91900C351C4 /* zh-Hans */,
				6DA588662605D91A00C351C4 /* ja */,
				6DA588672605D91B00C351C4 /* vi */,
				6DA588682605D91C00C351C4 /* ko */,
			);
			name = Localizable.strings;
			path = FullScreenBrowser;
			sourceTree = SOURCE_ROOT;
		};
		6DE000451A3474F200F9D2A5 /* Main.storyboard */ = {
			isa = PBXVariantGroup;
			children = (
				6DE000461A3474F200F9D2A5 /* Base */,
				6DC568632605B466006F1126 /* zh-Hant */,
				6DC568672605B472006F1126 /* ja */,
				6DC568692605B479006F1126 /* ko */,
				6D59363C2605B51F0066212A /* zh-Hans */,
				6D96D64D2605B5E000184B3D /* en */,
				6D68B6332605D0670014A986 /* vi */,
				6D83CB0E2605D266003DA3FE /* zh-HK */,
			);
			name = Main.storyboard;
			sourceTree = "<group>";
		};
		6DE0004A1A3474F200F9D2A5 /* LaunchScreen.xib */ = {
			isa = PBXVariantGroup;
			children = (
				6DE0004B1A3474F200F9D2A5 /* Base */,
				6DE000621A34756F00F9D2A5 /* zh-Hans */,
				6DC568622605B45E006F1126 /* en */,
				6DC568642605B466006F1126 /* zh-Hant */,
				6DC568682605B473006F1126 /* ja */,
				6DC5686A2605B479006F1126 /* ko */,
				6D68B6342605D0670014A986 /* vi */,
				6D83CB0F2605D267003DA3FE /* zh-HK */,
			);
			name = LaunchScreen.xib;
			sourceTree = "<group>";
		};
/* End PBXVariantGroup section */

/* Begin XCBuildConfiguration section */
		6DE000591A3474F200F9D2A5 /* Debug */ = {
			isa = XCBuildConfiguration;
			buildSettings = {
				ALWAYS_SEARCH_USER_PATHS = NO;
				CLANG_CXX_LANGUAGE_STANDARD = "gnu++0x";
				CLANG_CXX_LIBRARY = "libc++";
				CLANG_ENABLE_MODULES = YES;
				CLANG_ENABLE_OBJC_ARC = YES;
				CLANG_WARN_BOOL_CONVERSION = YES;
				CLANG_WARN_CONSTANT_CONVERSION = YES;
				CLANG_WARN_DIRECT_OBJC_ISA_USAGE = YES_ERROR;
				CLANG_WARN_EMPTY_BODY = YES;
				CLANG_WARN_ENUM_CONVERSION = YES;
				CLANG_WARN_INT_CONVERSION = YES;
				CLANG_WARN_OBJC_ROOT_CLASS = YES_ERROR;
				CLANG_WARN_UNREACHABLE_CODE = YES;
				CLANG_WARN__DUPLICATE_METHOD_MATCH = YES;
				CODE_SIGN_IDENTITY = "iPhone Developer: he tiancong (73C25USF4U)";
				"CODE_SIGN_IDENTITY[sdk=iphoneos*]" = "iPhone Developer: he tiancong (73C25USF4U)";
				COPY_PHASE_STRIP = NO;
				ENABLE_STRICT_OBJC_MSGSEND = YES;
				GCC_C_LANGUAGE_STANDARD = gnu99;
				GCC_DYNAMIC_NO_PIC = NO;
				GCC_OPTIMIZATION_LEVEL = 0;
				GCC_PREPROCESSOR_DEFINITIONS = (
					"DEBUG=1",
					"$(inherited)",
				);
				GCC_SYMBOLS_PRIVATE_EXTERN = NO;
				GCC_WARN_64_TO_32_BIT_CONVERSION = YES;
				GCC_WARN_ABOUT_RETURN_TYPE = YES_ERROR;
				GCC_WARN_UNDECLARED_SELECTOR = YES;
				GCC_WARN_UNINITIALIZED_AUTOS = YES_AGGRESSIVE;
				GCC_WARN_UNUSED_FUNCTION = YES;
				GCC_WARN_UNUSED_VARIABLE = YES;
				IPHONEOS_DEPLOYMENT_TARGET = 11.0;
				MTL_ENABLE_DEBUG_INFO = YES;
				ONLY_ACTIVE_ARCH = YES;
				SDKROOT = iphoneos;
				SWIFT_VERSION = 3.0.1;
			};
			name = Debug;
		};
		6DE0005A1A3474F200F9D2A5 /* Release */ = {
			isa = XCBuildConfiguration;
			buildSettings = {
				ALWAYS_SEARCH_USER_PATHS = NO;
				CLANG_CXX_LANGUAGE_STANDARD = "gnu++0x";
				CLANG_CXX_LIBRARY = "libc++";
				CLANG_ENABLE_MODULES = YES;
				CLANG_ENABLE_OBJC_ARC = YES;
				CLANG_WARN_BOOL_CONVERSION = YES;
				CLANG_WARN_CONSTANT_CONVERSION = YES;
				CLANG_WARN_DIRECT_OBJC_ISA_USAGE = YES_ERROR;
				CLANG_WARN_EMPTY_BODY = YES;
				CLANG_WARN_ENUM_CONVERSION = YES;
				CLANG_WARN_INT_CONVERSION = YES;
				CLANG_WARN_OBJC_ROOT_CLASS = YES_ERROR;
				CLANG_WARN_UNREACHABLE_CODE = YES;
				CLANG_WARN__DUPLICATE_METHOD_MATCH = YES;
				CODE_SIGN_IDENTITY = "iPhone Developer: he tiancong (73C25USF4U)";
				"CODE_SIGN_IDENTITY[sdk=iphoneos*]" = "iPhone Developer: he tiancong (73C25USF4U)";
				COPY_PHASE_STRIP = YES;
				ENABLE_NS_ASSERTIONS = NO;
				ENABLE_STRICT_OBJC_MSGSEND = YES;
				GCC_C_LANGUAGE_STANDARD = gnu99;
				GCC_WARN_64_TO_32_BIT_CONVERSION = YES;
				GCC_WARN_ABOUT_RETURN_TYPE = YES_ERROR;
				GCC_WARN_UNDECLARED_SELECTOR = YES;
				GCC_WARN_UNINITIALIZED_AUTOS = YES_AGGRESSIVE;
				GCC_WARN_UNUSED_FUNCTION = YES;
				GCC_WARN_UNUSED_VARIABLE = YES;
				IPHONEOS_DEPLOYMENT_TARGET = 11.0;
				MTL_ENABLE_DEBUG_INFO = NO;
				SDKROOT = iphoneos;
				SWIFT_VERSION = 3.0.1;
				VALIDATE_PRODUCT = YES;
			};
			name = Release;
		};
		6DE0005C1A3474F200F9D2A5 /* Debug */ = {
			isa = XCBuildConfiguration;
			baseConfigurationReference = D6FA5A19DE06A80A414498F7 /* Pods-FullScreenBrowser.debug.xcconfig */;
			buildSettings = {
				ASSETCATALOG_COMPILER_APPICON_NAME = AppIcon;
				CLANG_ENABLE_MODULES = YES;
				CODE_SIGN_IDENTITY = "iPhone Developer";
				"CODE_SIGN_IDENTITY[sdk=iphoneos*]" = "iPhone Developer";
				CURRENT_PROJECT_VERSION = 2021.03.20;
				DEFINES_MODULE = YES;
				DEVELOPMENT_TEAM = 28PV6G96R7;
				INFOPLIST_FILE = FullScreenBrowser/Info.plist;
				IPHONEOS_DEPLOYMENT_TARGET = 11.0;
				LD_RUNPATH_SEARCH_PATHS = "$(inherited) @executable_path/Frameworks";
				LIBRARY_SEARCH_PATHS = (
					"$(inherited)",
					"$(PROJECT_DIR)/FullScreenBrowser/Class/Vendors/BaiduMTJ_iOS_App_V4.3.0",
					"$(PROJECT_DIR)/FullScreenBrowser/Class/Vendors/BaiduMTJ_iOS_App_V4.5.0",
				);
				MARKETING_VERSION = 8.0.0;
				OTHER_LDFLAGS = (
					"-all_load",
					"$(inherited)",
				);
				OTHER_LIBTOOLFLAGS = "";
				PRODUCT_MODULE_NAME = FSB;
				PRODUCT_NAME = "全屏浏览器";
				PROVISIONING_PROFILE = "";
				SWIFT_OBJC_BRIDGING_HEADER = "FullScreenBrowser/Class/FSB-Bridging-Header.h";
				SWIFT_OPTIMIZATION_LEVEL = "-Onone";
				SWIFT_VERSION = 5.0;
				TARGETED_DEVICE_FAMILY = "1,2";
			};
			name = Debug;
		};
		6DE0005D1A3474F200F9D2A5 /* Release */ = {
			isa = XCBuildConfiguration;
			baseConfigurationReference = 3782A34C51AA22A06A3ABBE8 /* Pods-FullScreenBrowser.release.xcconfig */;
			buildSettings = {
				ASSETCATALOG_COMPILER_APPICON_NAME = AppIcon;
				CLANG_ENABLE_MODULES = YES;
				CODE_SIGN_IDENTITY = "iPhone Developer";
				"CODE_SIGN_IDENTITY[sdk=iphoneos*]" = "iPhone Developer";
				CURRENT_PROJECT_VERSION = 2021.03.20;
				DEFINES_MODULE = YES;
				DEVELOPMENT_TEAM = 28PV6G96R7;
				INFOPLIST_FILE = FullScreenBrowser/Info.plist;
				IPHONEOS_DEPLOYMENT_TARGET = 11.0;
				LD_RUNPATH_SEARCH_PATHS = "$(inherited) @executable_path/Frameworks";
				LIBRARY_SEARCH_PATHS = (
					"$(inherited)",
					"$(PROJECT_DIR)/FullScreenBrowser/Class/Vendors/BaiduMTJ_iOS_App_V4.3.0",
					"$(PROJECT_DIR)/FullScreenBrowser/Class/Vendors/BaiduMTJ_iOS_App_V4.5.0",
				);
				MARKETING_VERSION = 8.0.0;
				OTHER_LDFLAGS = (
					"-all_load",
					"$(inherited)",
				);
				OTHER_LIBTOOLFLAGS = "";
				PRODUCT_MODULE_NAME = FSB;
				PRODUCT_NAME = "全屏浏览器";
				PROVISIONING_PROFILE = "";
				SWIFT_OBJC_BRIDGING_HEADER = "FullScreenBrowser/Class/FSB-Bridging-Header.h";
				SWIFT_VERSION = 5.0;
				TARGETED_DEVICE_FAMILY = "1,2";
			};
			name = Release;
		};
		6DE0005F1A3474F200F9D2A5 /* Debug */ = {
			isa = XCBuildConfiguration;
			buildSettings = {
				ALWAYS_EMBED_SWIFT_STANDARD_LIBRARIES = YES;
				BUNDLE_LOADER = "$(TEST_HOST)";
				CODE_SIGN_IDENTITY = "iPhone Developer";
				"CODE_SIGN_IDENTITY[sdk=iphoneos*]" = "iPhone Developer";
				FRAMEWORK_SEARCH_PATHS = (
					"$(SDKROOT)/Developer/Library/Frameworks",
					"$(inherited)",
				);
				GCC_PREPROCESSOR_DEFINITIONS = (
					"DEBUG=1",
					"$(inherited)",
				);
				INFOPLIST_FILE = fullScreenBrowserTests/Info.plist;
				LD_RUNPATH_SEARCH_PATHS = "$(inherited) @executable_path/Frameworks @loader_path/Frameworks";
				PRODUCT_NAME = "$(TARGET_NAME)";
				PROVISIONING_PROFILE = "";
				TEST_HOST = "$(BUILT_PRODUCTS_DIR)/fullScreenBrowser.app/fullScreenBrowser";
			};
			name = Debug;
		};
		6DE000601A3474F200F9D2A5 /* Release */ = {
			isa = XCBuildConfiguration;
			buildSettings = {
				ALWAYS_EMBED_SWIFT_STANDARD_LIBRARIES = YES;
				BUNDLE_LOADER = "$(TEST_HOST)";
				CODE_SIGN_IDENTITY = "iPhone Developer";
				"CODE_SIGN_IDENTITY[sdk=iphoneos*]" = "iPhone Developer";
				FRAMEWORK_SEARCH_PATHS = (
					"$(SDKROOT)/Developer/Library/Frameworks",
					"$(inherited)",
				);
				INFOPLIST_FILE = fullScreenBrowserTests/Info.plist;
				LD_RUNPATH_SEARCH_PATHS = "$(inherited) @executable_path/Frameworks @loader_path/Frameworks";
				PRODUCT_NAME = "$(TARGET_NAME)";
				PROVISIONING_PROFILE = "";
				TEST_HOST = "$(BUILT_PRODUCTS_DIR)/fullScreenBrowser.app/fullScreenBrowser";
			};
			name = Release;
		};
/* End XCBuildConfiguration section */

/* Begin XCConfigurationList section */
		6DE000331A3474F200F9D2A5 /* Build configuration list for PBXProject "FullScreenBrowser" */ = {
			isa = XCConfigurationList;
			buildConfigurations = (
				6DE000591A3474F200F9D2A5 /* Debug */,
				6DE0005A1A3474F200F9D2A5 /* Release */,
			);
			defaultConfigurationIsVisible = 0;
			defaultConfigurationName = Release;
		};
		6DE0005B1A3474F200F9D2A5 /* Build configuration list for PBXNativeTarget "FullScreenBrowser" */ = {
			isa = XCConfigurationList;
			buildConfigurations = (
				6DE0005C1A3474F200F9D2A5 /* Debug */,
				6DE0005D1A3474F200F9D2A5 /* Release */,
			);
			defaultConfigurationIsVisible = 0;
			defaultConfigurationName = Release;
		};
		6DE0005E1A3474F200F9D2A5 /* Build configuration list for PBXNativeTarget "fullScreenBrowserTests" */ = {
			isa = XCConfigurationList;
			buildConfigurations = (
				6DE0005F1A3474F200F9D2A5 /* Debug */,
				6DE000601A3474F200F9D2A5 /* Release */,
			);
			defaultConfigurationIsVisible = 0;
			defaultConfigurationName = Release;
		};
/* End XCConfigurationList section */
	};
	rootObject = 6DE000301A3474F200F9D2A5 /* Project object */;
}
